// !$*UTF8*$!
{
	archiveVersion = 1;
	classes = {
	};
	objectVersion = 50;
	objects = {

/* Begin PBXBuildFile section */
		E6077B8625F175CD00F6F951 /* lngrApp.swift in Sources */ = {isa = PBXBuildFile; fileRef = E6077B7325F175B800F6F951 /* lngrApp.swift */; };
		E6077B8725F175CD00F6F951 /* lngrApp.swift in Sources */ = {isa = PBXBuildFile; fileRef = E6077B7325F175B800F6F951 /* lngrApp.swift */; };
		E6077B8825F175CD00F6F951 /* ContentView.swift in Sources */ = {isa = PBXBuildFile; fileRef = E6077B7425F175B800F6F951 /* ContentView.swift */; };
		E6077B8925F175CD00F6F951 /* ContentView.swift in Sources */ = {isa = PBXBuildFile; fileRef = E6077B7425F175B800F6F951 /* ContentView.swift */; };
		E6077B8A25F175CD00F6F951 /* Assets.xcassets in Resources */ = {isa = PBXBuildFile; fileRef = E6077B7525F175CC00F6F951 /* Assets.xcassets */; };
		E6077B8B25F175CD00F6F951 /* Assets.xcassets in Resources */ = {isa = PBXBuildFile; fileRef = E6077B7525F175CC00F6F951 /* Assets.xcassets */; };
		E607CE562651190D0084F2E7 /* Intents.framework in Frameworks */ = {isa = PBXBuildFile; fileRef = E68B5E95260490F700385A7E /* Intents.framework */; };
		E607CE592651190D0084F2E7 /* IntentHandler.swift in Sources */ = {isa = PBXBuildFile; fileRef = E607CE582651190D0084F2E7 /* IntentHandler.swift */; };
		E607CE5D2651190D0084F2E7 /* GetCheapest.appex in Embed App Extensions */ = {isa = PBXBuildFile; fileRef = E607CE552651190D0084F2E7 /* GetCheapest.appex */; settings = {ATTRIBUTES = (RemoveHeadersOnCopy, ); }; };
		E607CE622651193A0084F2E7 /* Intents.intentdefinition in Sources */ = {isa = PBXBuildFile; fileRef = E607CE612651193A0084F2E7 /* Intents.intentdefinition */; };
		E64DD17325F1843C00284803 /* RemoteImage.swift in Sources */ = {isa = PBXBuildFile; fileRef = E64DD16C25F1843C00284803 /* RemoteImage.swift */; };
		E64DD17425F1843C00284803 /* RemoteImage.swift in Sources */ = {isa = PBXBuildFile; fileRef = E64DD16C25F1843C00284803 /* RemoteImage.swift */; };
		E64DD18E25F22A1000284803 /* LinkView.swift in Sources */ = {isa = PBXBuildFile; fileRef = E64DD18D25F22A0F00284803 /* LinkView.swift */; };
		E64DD18F25F22A1000284803 /* LinkView.swift in Sources */ = {isa = PBXBuildFile; fileRef = E64DD18D25F22A0F00284803 /* LinkView.swift */; };
		E64FA1A5267213A9003A1A86 /* lngrSreachModel.swift in Sources */ = {isa = PBXBuildFile; fileRef = E64FA1A4267213A9003A1A86 /* lngrSreachModel.swift */; };
		E64FA1A6267213A9003A1A86 /* lngrSreachModel.swift in Sources */ = {isa = PBXBuildFile; fileRef = E64FA1A4267213A9003A1A86 /* lngrSreachModel.swift */; };
		E64FA1F226723962003A1A86 /* Persistence.swift in Sources */ = {isa = PBXBuildFile; fileRef = E64FA1F126723962003A1A86 /* Persistence.swift */; };
		E64FA1F326723962003A1A86 /* Persistence.swift in Sources */ = {isa = PBXBuildFile; fileRef = E64FA1F126723962003A1A86 /* Persistence.swift */; };
		E64FA1F6267239AA003A1A86 /* coredata.xcdatamodeld in Sources */ = {isa = PBXBuildFile; fileRef = E64FA1F4267239AA003A1A86 /* coredata.xcdatamodeld */; };
		E64FA1F7267239AA003A1A86 /* coredata.xcdatamodeld in Sources */ = {isa = PBXBuildFile; fileRef = E64FA1F4267239AA003A1A86 /* coredata.xcdatamodeld */; };
		E64FA1F926723B85003A1A86 /* DataView.swift in Sources */ = {isa = PBXBuildFile; fileRef = E64FA1F826723B85003A1A86 /* DataView.swift */; };
		E64FA1FA26723B85003A1A86 /* DataView.swift in Sources */ = {isa = PBXBuildFile; fileRef = E64FA1F826723B85003A1A86 /* DataView.swift */; };
		E64FA1FF26724304003A1A86 /* lngrs.swift in Sources */ = {isa = PBXBuildFile; fileRef = E64FA1FE26724304003A1A86 /* lngrs.swift */; };
		E64FA20026724304003A1A86 /* lngrs.swift in Sources */ = {isa = PBXBuildFile; fileRef = E64FA1FE26724304003A1A86 /* lngrs.swift */; };
		E65887D4266AB9B500816B41 /* Intents.intentdefinition in Sources */ = {isa = PBXBuildFile; fileRef = E607CE612651193A0084F2E7 /* Intents.intentdefinition */; settings = {ATTRIBUTES = (no_codegen, ); }; };
		E65887D5266AB9BD00816B41 /* Intents.intentdefinition in Sources */ = {isa = PBXBuildFile; fileRef = E607CE612651193A0084F2E7 /* Intents.intentdefinition */; settings = {ATTRIBUTES = (no_codegen, ); }; };
		E6B2894226739D3E00354743 /* model.swift in Sources */ = {isa = PBXBuildFile; fileRef = E6B2894126739D3E00354743 /* model.swift */; };
		E6B52B81265061BC006DAB5C /* WidgetKit.framework in Frameworks */ = {isa = PBXBuildFile; fileRef = E68170D525F3D5D200C9DD32 /* WidgetKit.framework */; };
		E6B52B82265061BC006DAB5C /* SwiftUI.framework in Frameworks */ = {isa = PBXBuildFile; fileRef = E68170D725F3D5D200C9DD32 /* SwiftUI.framework */; };
		E6B52B85265061BD006DAB5C /* rivmWidget.swift in Sources */ = {isa = PBXBuildFile; fileRef = E6B52B84265061BD006DAB5C /* rivmWidget.swift */; };
		E6B52B87265061C7006DAB5C /* Assets.xcassets in Resources */ = {isa = PBXBuildFile; fileRef = E6B52B86265061C7006DAB5C /* Assets.xcassets */; };
		E6B52B8B265061C7006DAB5C /* rivmWidgetExtension.appex in Embed App Extensions */ = {isa = PBXBuildFile; fileRef = E6B52B80265061BC006DAB5C /* rivmWidgetExtension.appex */; settings = {ATTRIBUTES = (RemoveHeadersOnCopy, ); }; };
		E6D2A15425F373100007EC2D /* Lingeries.swift in Sources */ = {isa = PBXBuildFile; fileRef = E6D2A15325F373100007EC2D /* Lingeries.swift */; };
		E6D2A15525F373100007EC2D /* Lingeries.swift in Sources */ = {isa = PBXBuildFile; fileRef = E6D2A15325F373100007EC2D /* Lingeries.swift */; };
/* End PBXBuildFile section */

/* Begin PBXContainerItemProxy section */
		E607CE5B2651190D0084F2E7 /* PBXContainerItemProxy */ = {
			isa = PBXContainerItemProxy;
			containerPortal = E6077B6E25F175B800F6F951 /* Project object */;
			proxyType = 1;
			remoteGlobalIDString = E607CE542651190D0084F2E7;
			remoteInfo = GetCheapest;
		};
		E6B52B89265061C7006DAB5C /* PBXContainerItemProxy */ = {
			isa = PBXContainerItemProxy;
			containerPortal = E6077B6E25F175B800F6F951 /* Project object */;
			proxyType = 1;
			remoteGlobalIDString = E6B52B7F265061BC006DAB5C;
			remoteInfo = rivmWidgetExtension;
		};
/* End PBXContainerItemProxy section */

/* Begin PBXCopyFilesBuildPhase section */
		E68170E525F3D5E600C9DD32 /* Embed App Extensions */ = {
			isa = PBXCopyFilesBuildPhase;
			buildActionMask = 2147483647;
			dstPath = "";
			dstSubfolderSpec = 13;
			files = (
				E607CE5D2651190D0084F2E7 /* GetCheapest.appex in Embed App Extensions */,
				E6B52B8B265061C7006DAB5C /* rivmWidgetExtension.appex in Embed App Extensions */,
			);
			name = "Embed App Extensions";
			runOnlyForDeploymentPostprocessing = 0;
		};
/* End PBXCopyFilesBuildPhase section */

/* Begin PBXFileReference section */
		E6077B7325F175B800F6F951 /* lngrApp.swift */ = {isa = PBXFileReference; lastKnownFileType = sourcecode.swift; path = lngrApp.swift; sourceTree = "<group>"; };
		E6077B7425F175B800F6F951 /* ContentView.swift */ = {isa = PBXFileReference; lastKnownFileType = sourcecode.swift; path = ContentView.swift; sourceTree = "<group>"; };
		E6077B7525F175CC00F6F951 /* Assets.xcassets */ = {isa = PBXFileReference; lastKnownFileType = folder.assetcatalog; path = Assets.xcassets; sourceTree = "<group>"; };
		E6077B7A25F175CD00F6F951 /* lngr.app */ = {isa = PBXFileReference; explicitFileType = wrapper.application; includeInIndex = 0; path = lngr.app; sourceTree = BUILT_PRODUCTS_DIR; };
		E6077B7D25F175CD00F6F951 /* Info.plist */ = {isa = PBXFileReference; lastKnownFileType = text.plist.xml; path = Info.plist; sourceTree = "<group>"; };
		E6077B8225F175CD00F6F951 /* lngr.app */ = {isa = PBXFileReference; explicitFileType = wrapper.application; includeInIndex = 0; path = lngr.app; sourceTree = BUILT_PRODUCTS_DIR; };
		E6077B8425F175CD00F6F951 /* Info.plist */ = {isa = PBXFileReference; lastKnownFileType = text.plist.xml; path = Info.plist; sourceTree = "<group>"; };
		E6077B8525F175CD00F6F951 /* macOS.entitlements */ = {isa = PBXFileReference; lastKnownFileType = text.plist.entitlements; path = macOS.entitlements; sourceTree = "<group>"; };
		E607CE552651190D0084F2E7 /* GetCheapest.appex */ = {isa = PBXFileReference; explicitFileType = "wrapper.app-extension"; includeInIndex = 0; path = GetCheapest.appex; sourceTree = BUILT_PRODUCTS_DIR; };
		E607CE582651190D0084F2E7 /* IntentHandler.swift */ = {isa = PBXFileReference; lastKnownFileType = sourcecode.swift; path = IntentHandler.swift; sourceTree = "<group>"; };
		E607CE5A2651190D0084F2E7 /* Info.plist */ = {isa = PBXFileReference; lastKnownFileType = text.plist.xml; path = Info.plist; sourceTree = "<group>"; };
		E607CE612651193A0084F2E7 /* Intents.intentdefinition */ = {isa = PBXFileReference; lastKnownFileType = file.intentdefinition; path = Intents.intentdefinition; sourceTree = "<group>"; };
		E64DD16C25F1843C00284803 /* RemoteImage.swift */ = {isa = PBXFileReference; fileEncoding = 4; lastKnownFileType = sourcecode.swift; path = RemoteImage.swift; sourceTree = "<group>"; };
		E64DD18D25F22A0F00284803 /* LinkView.swift */ = {isa = PBXFileReference; lastKnownFileType = sourcecode.swift; path = LinkView.swift; sourceTree = "<group>"; };
		E64FA1A4267213A9003A1A86 /* lngrSreachModel.swift */ = {isa = PBXFileReference; lastKnownFileType = sourcecode.swift; path = lngrSreachModel.swift; sourceTree = "<group>"; };
		E64FA1F126723962003A1A86 /* Persistence.swift */ = {isa = PBXFileReference; lastKnownFileType = sourcecode.swift; path = Persistence.swift; sourceTree = "<group>"; };
		E64FA1F5267239AA003A1A86 /* lngr.xcdatamodel */ = {isa = PBXFileReference; lastKnownFileType = wrapper.xcdatamodel; path = lngr.xcdatamodel; sourceTree = "<group>"; };
		E64FA1F826723B85003A1A86 /* DataView.swift */ = {isa = PBXFileReference; lastKnownFileType = sourcecode.swift; path = DataView.swift; sourceTree = "<group>"; };
		E64FA1FE26724304003A1A86 /* lngrs.swift */ = {isa = PBXFileReference; lastKnownFileType = sourcecode.swift; path = lngrs.swift; sourceTree = "<group>"; };
		E68170D525F3D5D200C9DD32 /* WidgetKit.framework */ = {isa = PBXFileReference; lastKnownFileType = wrapper.framework; name = WidgetKit.framework; path = System/Library/Frameworks/WidgetKit.framework; sourceTree = SDKROOT; };
		E68170D725F3D5D200C9DD32 /* SwiftUI.framework */ = {isa = PBXFileReference; lastKnownFileType = wrapper.framework; name = SwiftUI.framework; path = System/Library/Frameworks/SwiftUI.framework; sourceTree = SDKROOT; };
		E68B5E95260490F700385A7E /* Intents.framework */ = {isa = PBXFileReference; lastKnownFileType = wrapper.framework; name = Intents.framework; path = System/Library/Frameworks/Intents.framework; sourceTree = SDKROOT; };
		E6B2894126739D3E00354743 /* model.swift */ = {isa = PBXFileReference; lastKnownFileType = sourcecode.swift; path = model.swift; sourceTree = "<group>"; };
		E6B52B80265061BC006DAB5C /* rivmWidgetExtension.appex */ = {isa = PBXFileReference; explicitFileType = "wrapper.app-extension"; includeInIndex = 0; path = rivmWidgetExtension.appex; sourceTree = BUILT_PRODUCTS_DIR; };
		E6B52B84265061BD006DAB5C /* rivmWidget.swift */ = {isa = PBXFileReference; lastKnownFileType = sourcecode.swift; path = rivmWidget.swift; sourceTree = "<group>"; };
		E6B52B86265061C7006DAB5C /* Assets.xcassets */ = {isa = PBXFileReference; lastKnownFileType = folder.assetcatalog; path = Assets.xcassets; sourceTree = "<group>"; };
		E6B52B88265061C7006DAB5C /* Info.plist */ = {isa = PBXFileReference; lastKnownFileType = text.plist.xml; path = Info.plist; sourceTree = "<group>"; };
		E6D2A15325F373100007EC2D /* Lingeries.swift */ = {isa = PBXFileReference; fileEncoding = 4; lastKnownFileType = sourcecode.swift; path = Lingeries.swift; sourceTree = "<group>"; };
/* End PBXFileReference section */

/* Begin PBXFrameworksBuildPhase section */
		E6077B7725F175CC00F6F951 /* Frameworks */ = {
			isa = PBXFrameworksBuildPhase;
			buildActionMask = 2147483647;
			files = (
			);
			runOnlyForDeploymentPostprocessing = 0;
		};
		E6077B7F25F175CD00F6F951 /* Frameworks */ = {
			isa = PBXFrameworksBuildPhase;
			buildActionMask = 2147483647;
			files = (
			);
			runOnlyForDeploymentPostprocessing = 0;
		};
		E607CE522651190D0084F2E7 /* Frameworks */ = {
			isa = PBXFrameworksBuildPhase;
			buildActionMask = 2147483647;
			files = (
				E607CE562651190D0084F2E7 /* Intents.framework in Frameworks */,
			);
			runOnlyForDeploymentPostprocessing = 0;
		};
		E6B52B7D265061BC006DAB5C /* Frameworks */ = {
			isa = PBXFrameworksBuildPhase;
			buildActionMask = 2147483647;
			files = (
				E6B52B82265061BC006DAB5C /* SwiftUI.framework in Frameworks */,
				E6B52B81265061BC006DAB5C /* WidgetKit.framework in Frameworks */,
			);
			runOnlyForDeploymentPostprocessing = 0;
		};
/* End PBXFrameworksBuildPhase section */

/* Begin PBXGroup section */
		E6077B6D25F175B800F6F951 = {
			isa = PBXGroup;
			children = (
				E6077B7225F175B800F6F951 /* Shared */,
				E6077B7C25F175CD00F6F951 /* iOS */,
				E6077B8325F175CD00F6F951 /* macOS */,
				E6B52B83265061BD006DAB5C /* rivmWidget */,
				E607CE572651190D0084F2E7 /* GetCheapest */,
				E68170D425F3D5D200C9DD32 /* Frameworks */,
				E6077B7B25F175CD00F6F951 /* Products */,
			);
			sourceTree = "<group>";
		};
		E6077B7225F175B800F6F951 /* Shared */ = {
			isa = PBXGroup;
			children = (
				E6077B7325F175B800F6F951 /* lngrApp.swift */,
				E6077B7425F175B800F6F951 /* ContentView.swift */,
				E6D2A15325F373100007EC2D /* Lingeries.swift */,
				E64DD18D25F22A0F00284803 /* LinkView.swift */,
				E64DD16C25F1843C00284803 /* RemoteImage.swift */,
				E64FA1A4267213A9003A1A86 /* lngrSreachModel.swift */,
				E64FA1FD26723B9A003A1A86 /* CoreDatas */,
				E6077B7525F175CC00F6F951 /* Assets.xcassets */,
			);
			path = Shared;
			sourceTree = "<group>";
		};
		E6077B7B25F175CD00F6F951 /* Products */ = {
			isa = PBXGroup;
			children = (
				E6077B7A25F175CD00F6F951 /* lngr.app */,
				E6077B8225F175CD00F6F951 /* lngr.app */,
				E6B52B80265061BC006DAB5C /* rivmWidgetExtension.appex */,
				E607CE552651190D0084F2E7 /* GetCheapest.appex */,
			);
			name = Products;
			sourceTree = "<group>";
		};
		E6077B7C25F175CD00F6F951 /* iOS */ = {
			isa = PBXGroup;
			children = (
				E6077B7D25F175CD00F6F951 /* Info.plist */,
			);
			path = iOS;
			sourceTree = "<group>";
		};
		E6077B8325F175CD00F6F951 /* macOS */ = {
			isa = PBXGroup;
			children = (
				E6077B8425F175CD00F6F951 /* Info.plist */,
				E6077B8525F175CD00F6F951 /* macOS.entitlements */,
			);
			path = macOS;
			sourceTree = "<group>";
		};
		E607CE572651190D0084F2E7 /* GetCheapest */ = {
			isa = PBXGroup;
			children = (
				E607CE582651190D0084F2E7 /* IntentHandler.swift */,
				E6B2894126739D3E00354743 /* model.swift */,
				E607CE612651193A0084F2E7 /* Intents.intentdefinition */,
				E607CE5A2651190D0084F2E7 /* Info.plist */,
			);
			path = GetCheapest;
			sourceTree = "<group>";
		};
		E64FA1FD26723B9A003A1A86 /* CoreDatas */ = {
			isa = PBXGroup;
			children = (
				E64FA1F4267239AA003A1A86 /* coredata.xcdatamodeld */,
				E64FA1F126723962003A1A86 /* Persistence.swift */,
				E64FA1F826723B85003A1A86 /* DataView.swift */,
				E64FA1FE26724304003A1A86 /* lngrs.swift */,
			);
			path = CoreDatas;
			sourceTree = "<group>";
		};
		E68170D425F3D5D200C9DD32 /* Frameworks */ = {
			isa = PBXGroup;
			children = (
				E68170D525F3D5D200C9DD32 /* WidgetKit.framework */,
				E68170D725F3D5D200C9DD32 /* SwiftUI.framework */,
				E68B5E95260490F700385A7E /* Intents.framework */,
			);
			name = Frameworks;
			sourceTree = "<group>";
		};
		E6B52B83265061BD006DAB5C /* rivmWidget */ = {
			isa = PBXGroup;
			children = (
				E6B52B84265061BD006DAB5C /* rivmWidget.swift */,
				E6B52B86265061C7006DAB5C /* Assets.xcassets */,
				E6B52B88265061C7006DAB5C /* Info.plist */,
			);
			path = rivmWidget;
			sourceTree = "<group>";
		};
/* End PBXGroup section */

/* Begin PBXNativeTarget section */
		E6077B7925F175CC00F6F951 /* lngr (iOS) */ = {
			isa = PBXNativeTarget;
			buildConfigurationList = E6077B8E25F175CD00F6F951 /* Build configuration list for PBXNativeTarget "lngr (iOS)" */;
			buildPhases = (
				E6077B7625F175CC00F6F951 /* Sources */,
				E6077B7725F175CC00F6F951 /* Frameworks */,
				E6077B7825F175CC00F6F951 /* Resources */,
				E68170E525F3D5E600C9DD32 /* Embed App Extensions */,
			);
			buildRules = (
			);
			dependencies = (
				E6B52B8A265061C7006DAB5C /* PBXTargetDependency */,
				E607CE5C2651190D0084F2E7 /* PBXTargetDependency */,
			);
			name = "lngr (iOS)";
			productName = "lngr (iOS)";
			productReference = E6077B7A25F175CD00F6F951 /* lngr.app */;
			productType = "com.apple.product-type.application";
		};
		E6077B8125F175CD00F6F951 /* lngr (macOS) */ = {
			isa = PBXNativeTarget;
			buildConfigurationList = E6077B9125F175CD00F6F951 /* Build configuration list for PBXNativeTarget "lngr (macOS)" */;
			buildPhases = (
				E6077B7E25F175CD00F6F951 /* Sources */,
				E6077B7F25F175CD00F6F951 /* Frameworks */,
				E6077B8025F175CD00F6F951 /* Resources */,
			);
			buildRules = (
			);
			dependencies = (
			);
			name = "lngr (macOS)";
			productName = "lngr (macOS)";
			productReference = E6077B8225F175CD00F6F951 /* lngr.app */;
			productType = "com.apple.product-type.application";
		};
		E607CE542651190D0084F2E7 /* GetCheapest */ = {
			isa = PBXNativeTarget;
			buildConfigurationList = E607CE602651190D0084F2E7 /* Build configuration list for PBXNativeTarget "GetCheapest" */;
			buildPhases = (
				E607CE512651190D0084F2E7 /* Sources */,
				E607CE522651190D0084F2E7 /* Frameworks */,
				E607CE532651190D0084F2E7 /* Resources */,
			);
			buildRules = (
			);
			dependencies = (
			);
			name = GetCheapest;
			productName = GetCheapest;
			productReference = E607CE552651190D0084F2E7 /* GetCheapest.appex */;
			productType = "com.apple.product-type.app-extension";
		};
		E6B52B7F265061BC006DAB5C /* rivmWidgetExtension */ = {
			isa = PBXNativeTarget;
			buildConfigurationList = E6B52B8C265061C7006DAB5C /* Build configuration list for PBXNativeTarget "rivmWidgetExtension" */;
			buildPhases = (
				E6B52B7C265061BC006DAB5C /* Sources */,
				E6B52B7D265061BC006DAB5C /* Frameworks */,
				E6B52B7E265061BC006DAB5C /* Resources */,
			);
			buildRules = (
			);
			dependencies = (
			);
			name = rivmWidgetExtension;
			productName = rivmWidgetExtension;
			productReference = E6B52B80265061BC006DAB5C /* rivmWidgetExtension.appex */;
			productType = "com.apple.product-type.app-extension";
		};
/* End PBXNativeTarget section */

/* Begin PBXProject section */
		E6077B6E25F175B800F6F951 /* Project object */ = {
			isa = PBXProject;
			attributes = {
				LastSwiftUpdateCheck = 1250;
				LastUpgradeCheck = 1230;
				TargetAttributes = {
					E6077B7925F175CC00F6F951 = {
						CreatedOnToolsVersion = 12.3;
					};
					E6077B8125F175CD00F6F951 = {
						CreatedOnToolsVersion = 12.3;
					};
					E607CE542651190D0084F2E7 = {
						CreatedOnToolsVersion = 12.5;
					};
					E6B52B7F265061BC006DAB5C = {
						CreatedOnToolsVersion = 12.5;
					};
				};
			};
			buildConfigurationList = E6077B7125F175B800F6F951 /* Build configuration list for PBXProject "lngr" */;
			compatibilityVersion = "Xcode 9.3";
			developmentRegion = en;
			hasScannedForEncodings = 0;
			knownRegions = (
				en,
				Base,
				nl,
			);
			mainGroup = E6077B6D25F175B800F6F951;
			productRefGroup = E6077B7B25F175CD00F6F951 /* Products */;
			projectDirPath = "";
			projectRoot = "";
			targets = (
				E6077B7925F175CC00F6F951 /* lngr (iOS) */,
				E6077B8125F175CD00F6F951 /* lngr (macOS) */,
				E6B52B7F265061BC006DAB5C /* rivmWidgetExtension */,
				E607CE542651190D0084F2E7 /* GetCheapest */,
			);
		};
/* End PBXProject section */

/* Begin PBXResourcesBuildPhase section */
		E6077B7825F175CC00F6F951 /* Resources */ = {
			isa = PBXResourcesBuildPhase;
			buildActionMask = 2147483647;
			files = (
				E6077B8A25F175CD00F6F951 /* Assets.xcassets in Resources */,
			);
			runOnlyForDeploymentPostprocessing = 0;
		};
		E6077B8025F175CD00F6F951 /* Resources */ = {
			isa = PBXResourcesBuildPhase;
			buildActionMask = 2147483647;
			files = (
				E6077B8B25F175CD00F6F951 /* Assets.xcassets in Resources */,
			);
			runOnlyForDeploymentPostprocessing = 0;
		};
		E607CE532651190D0084F2E7 /* Resources */ = {
			isa = PBXResourcesBuildPhase;
			buildActionMask = 2147483647;
			files = (
			);
			runOnlyForDeploymentPostprocessing = 0;
		};
		E6B52B7E265061BC006DAB5C /* Resources */ = {
			isa = PBXResourcesBuildPhase;
			buildActionMask = 2147483647;
			files = (
				E6B52B87265061C7006DAB5C /* Assets.xcassets in Resources */,
			);
			runOnlyForDeploymentPostprocessing = 0;
		};
/* End PBXResourcesBuildPhase section */

/* Begin PBXSourcesBuildPhase section */
		E6077B7625F175CC00F6F951 /* Sources */ = {
			isa = PBXSourcesBuildPhase;
			buildActionMask = 2147483647;
			files = (
				E65887D4266AB9B500816B41 /* Intents.intentdefinition in Sources */,
				E64FA1F226723962003A1A86 /* Persistence.swift in Sources */,
				E64FA1F926723B85003A1A86 /* DataView.swift in Sources */,
				E6077B8825F175CD00F6F951 /* ContentView.swift in Sources */,
				E64FA1FF26724304003A1A86 /* lngrs.swift in Sources */,
				E6D2A15425F373100007EC2D /* Lingeries.swift in Sources */,
				E64FA1F6267239AA003A1A86 /* coredata.xcdatamodeld in Sources */,
				E64DD17325F1843C00284803 /* RemoteImage.swift in Sources */,
				E64DD18E25F22A1000284803 /* LinkView.swift in Sources */,
				E64FA1A5267213A9003A1A86 /* lngrSreachModel.swift in Sources */,
				E6077B8625F175CD00F6F951 /* lngrApp.swift in Sources */,
			);
			runOnlyForDeploymentPostprocessing = 0;
		};
		E6077B7E25F175CD00F6F951 /* Sources */ = {
			isa = PBXSourcesBuildPhase;
			buildActionMask = 2147483647;
			files = (
				E65887D5266AB9BD00816B41 /* Intents.intentdefinition in Sources */,
				E64FA1F326723962003A1A86 /* Persistence.swift in Sources */,
				E64FA1FA26723B85003A1A86 /* DataView.swift in Sources */,
				E6077B8925F175CD00F6F951 /* ContentView.swift in Sources */,
				E64FA20026724304003A1A86 /* lngrs.swift in Sources */,
				E6D2A15525F373100007EC2D /* Lingeries.swift in Sources */,
				E64FA1F7267239AA003A1A86 /* coredata.xcdatamodeld in Sources */,
				E64DD17425F1843C00284803 /* RemoteImage.swift in Sources */,
				E64DD18F25F22A1000284803 /* LinkView.swift in Sources */,
				E64FA1A6267213A9003A1A86 /* lngrSreachModel.swift in Sources */,
				E6077B8725F175CD00F6F951 /* lngrApp.swift in Sources */,
			);
			runOnlyForDeploymentPostprocessing = 0;
		};
		E607CE512651190D0084F2E7 /* Sources */ = {
			isa = PBXSourcesBuildPhase;
			buildActionMask = 2147483647;
			files = (
				E607CE622651193A0084F2E7 /* Intents.intentdefinition in Sources */,
				E6B2894226739D3E00354743 /* model.swift in Sources */,
				E607CE592651190D0084F2E7 /* IntentHandler.swift in Sources */,
			);
			runOnlyForDeploymentPostprocessing = 0;
		};
		E6B52B7C265061BC006DAB5C /* Sources */ = {
			isa = PBXSourcesBuildPhase;
			buildActionMask = 2147483647;
			files = (
				E6B52B85265061BD006DAB5C /* rivmWidget.swift in Sources */,
			);
			runOnlyForDeploymentPostprocessing = 0;
		};
/* End PBXSourcesBuildPhase section */

/* Begin PBXTargetDependency section */
		E607CE5C2651190D0084F2E7 /* PBXTargetDependency */ = {
			isa = PBXTargetDependency;
			target = E607CE542651190D0084F2E7 /* GetCheapest */;
			targetProxy = E607CE5B2651190D0084F2E7 /* PBXContainerItemProxy */;
		};
		E6B52B8A265061C7006DAB5C /* PBXTargetDependency */ = {
			isa = PBXTargetDependency;
			target = E6B52B7F265061BC006DAB5C /* rivmWidgetExtension */;
			targetProxy = E6B52B89265061C7006DAB5C /* PBXContainerItemProxy */;
		};
/* End PBXTargetDependency section */

/* Begin XCBuildConfiguration section */
		E6077B8C25F175CD00F6F951 /* Debug */ = {
			isa = XCBuildConfiguration;
			buildSettings = {
				ALWAYS_SEARCH_USER_PATHS = NO;
				CLANG_ANALYZER_NONNULL = YES;
				CLANG_ANALYZER_NUMBER_OBJECT_CONVERSION = YES_AGGRESSIVE;
				CLANG_CXX_LANGUAGE_STANDARD = "gnu++14";
				CLANG_CXX_LIBRARY = "libc++";
				CLANG_ENABLE_MODULES = YES;
				CLANG_ENABLE_OBJC_ARC = YES;
				CLANG_ENABLE_OBJC_WEAK = YES;
				CLANG_WARN_BLOCK_CAPTURE_AUTORELEASING = YES;
				CLANG_WARN_BOOL_CONVERSION = YES;
				CLANG_WARN_COMMA = YES;
				CLANG_WARN_CONSTANT_CONVERSION = YES;
				CLANG_WARN_DEPRECATED_OBJC_IMPLEMENTATIONS = YES;
				CLANG_WARN_DIRECT_OBJC_ISA_USAGE = YES_ERROR;
				CLANG_WARN_DOCUMENTATION_COMMENTS = YES;
				CLANG_WARN_EMPTY_BODY = YES;
				CLANG_WARN_ENUM_CONVERSION = YES;
				CLANG_WARN_INFINITE_RECURSION = YES;
				CLANG_WARN_INT_CONVERSION = YES;
				CLANG_WARN_NON_LITERAL_NULL_CONVERSION = YES;
				CLANG_WARN_OBJC_IMPLICIT_RETAIN_SELF = YES;
				CLANG_WARN_OBJC_LITERAL_CONVERSION = YES;
				CLANG_WARN_OBJC_ROOT_CLASS = YES_ERROR;
				CLANG_WARN_QUOTED_INCLUDE_IN_FRAMEWORK_HEADER = YES;
				CLANG_WARN_RANGE_LOOP_ANALYSIS = YES;
				CLANG_WARN_STRICT_PROTOTYPES = YES;
				CLANG_WARN_SUSPICIOUS_MOVE = YES;
				CLANG_WARN_UNGUARDED_AVAILABILITY = YES_AGGRESSIVE;
				CLANG_WARN_UNREACHABLE_CODE = YES;
				CLANG_WARN__DUPLICATE_METHOD_MATCH = YES;
				COPY_PHASE_STRIP = NO;
				DEBUG_INFORMATION_FORMAT = dwarf;
				ENABLE_STRICT_OBJC_MSGSEND = YES;
				ENABLE_TESTABILITY = YES;
				GCC_C_LANGUAGE_STANDARD = gnu11;
				GCC_DYNAMIC_NO_PIC = NO;
				GCC_NO_COMMON_BLOCKS = YES;
				GCC_OPTIMIZATION_LEVEL = 0;
				GCC_PREPROCESSOR_DEFINITIONS = (
					"DEBUG=1",
					"$(inherited)",
				);
				GCC_WARN_64_TO_32_BIT_CONVERSION = YES;
				GCC_WARN_ABOUT_RETURN_TYPE = YES_ERROR;
				GCC_WARN_UNDECLARED_SELECTOR = YES;
				GCC_WARN_UNINITIALIZED_AUTOS = YES_AGGRESSIVE;
				GCC_WARN_UNUSED_FUNCTION = YES;
				GCC_WARN_UNUSED_VARIABLE = YES;
				IPHONEOS_DEPLOYMENT_TARGET = 14.5;
				MTL_ENABLE_DEBUG_INFO = INCLUDE_SOURCE;
				MTL_FAST_MATH = YES;
				ONLY_ACTIVE_ARCH = YES;
				SWIFT_ACTIVE_COMPILATION_CONDITIONS = DEBUG;
				SWIFT_OPTIMIZATION_LEVEL = "-Onone";
			};
			name = Debug;
		};
		E6077B8D25F175CD00F6F951 /* Release */ = {
			isa = XCBuildConfiguration;
			buildSettings = {
				ALWAYS_SEARCH_USER_PATHS = NO;
				CLANG_ANALYZER_NONNULL = YES;
				CLANG_ANALYZER_NUMBER_OBJECT_CONVERSION = YES_AGGRESSIVE;
				CLANG_CXX_LANGUAGE_STANDARD = "gnu++14";
				CLANG_CXX_LIBRARY = "libc++";
				CLANG_ENABLE_MODULES = YES;
				CLANG_ENABLE_OBJC_ARC = YES;
				CLANG_ENABLE_OBJC_WEAK = YES;
				CLANG_WARN_BLOCK_CAPTURE_AUTORELEASING = YES;
				CLANG_WARN_BOOL_CONVERSION = YES;
				CLANG_WARN_COMMA = YES;
				CLANG_WARN_CONSTANT_CONVERSION = YES;
				CLANG_WARN_DEPRECATED_OBJC_IMPLEMENTATIONS = YES;
				CLANG_WARN_DIRECT_OBJC_ISA_USAGE = YES_ERROR;
				CLANG_WARN_DOCUMENTATION_COMMENTS = YES;
				CLANG_WARN_EMPTY_BODY = YES;
				CLANG_WARN_ENUM_CONVERSION = YES;
				CLANG_WARN_INFINITE_RECURSION = YES;
				CLANG_WARN_INT_CONVERSION = YES;
				CLANG_WARN_NON_LITERAL_NULL_CONVERSION = YES;
				CLANG_WARN_OBJC_IMPLICIT_RETAIN_SELF = YES;
				CLANG_WARN_OBJC_LITERAL_CONVERSION = YES;
				CLANG_WARN_OBJC_ROOT_CLASS = YES_ERROR;
				CLANG_WARN_QUOTED_INCLUDE_IN_FRAMEWORK_HEADER = YES;
				CLANG_WARN_RANGE_LOOP_ANALYSIS = YES;
				CLANG_WARN_STRICT_PROTOTYPES = YES;
				CLANG_WARN_SUSPICIOUS_MOVE = YES;
				CLANG_WARN_UNGUARDED_AVAILABILITY = YES_AGGRESSIVE;
				CLANG_WARN_UNREACHABLE_CODE = YES;
				CLANG_WARN__DUPLICATE_METHOD_MATCH = YES;
				COPY_PHASE_STRIP = NO;
				DEBUG_INFORMATION_FORMAT = "dwarf-with-dsym";
				ENABLE_NS_ASSERTIONS = NO;
				ENABLE_STRICT_OBJC_MSGSEND = YES;
				GCC_C_LANGUAGE_STANDARD = gnu11;
				GCC_NO_COMMON_BLOCKS = YES;
				GCC_WARN_64_TO_32_BIT_CONVERSION = YES;
				GCC_WARN_ABOUT_RETURN_TYPE = YES_ERROR;
				GCC_WARN_UNDECLARED_SELECTOR = YES;
				GCC_WARN_UNINITIALIZED_AUTOS = YES_AGGRESSIVE;
				GCC_WARN_UNUSED_FUNCTION = YES;
				GCC_WARN_UNUSED_VARIABLE = YES;
				IPHONEOS_DEPLOYMENT_TARGET = 14.5;
				MTL_ENABLE_DEBUG_INFO = NO;
				MTL_FAST_MATH = YES;
				SWIFT_COMPILATION_MODE = wholemodule;
				SWIFT_OPTIMIZATION_LEVEL = "-O";
			};
			name = Release;
		};
		E6077B8F25F175CD00F6F951 /* Debug */ = {
			isa = XCBuildConfiguration;
			buildSettings = {
				ALWAYS_EMBED_SWIFT_STANDARD_LIBRARIES = YES;
				ASSETCATALOG_COMPILER_APPICON_NAME = AppIcon;
				ASSETCATALOG_COMPILER_GLOBAL_ACCENT_COLOR_NAME = AccentColor;
				CODE_SIGN_STYLE = Automatic;
				DEVELOPMENT_TEAM = 6CDWQZK7UX;
				ENABLE_PREVIEWS = YES;
				INFOPLIST_FILE = iOS/Info.plist;
				IPHONEOS_DEPLOYMENT_TARGET = 14.5;
				LD_RUNPATH_SEARCH_PATHS = (
					"$(inherited)",
					"@executable_path/Frameworks",
				);
				PRODUCT_BUNDLE_IDENTIFIER = nl.wittopkoning.lngr;
				PRODUCT_NAME = lngr;
				SDKROOT = iphoneos;
				SWIFT_VERSION = 5.0;
				TARGETED_DEVICE_FAMILY = "1,2";
			};
			name = Debug;
		};
		E6077B9025F175CD00F6F951 /* Release */ = {
			isa = XCBuildConfiguration;
			buildSettings = {
				ALWAYS_EMBED_SWIFT_STANDARD_LIBRARIES = YES;
				ASSETCATALOG_COMPILER_APPICON_NAME = AppIcon;
				ASSETCATALOG_COMPILER_GLOBAL_ACCENT_COLOR_NAME = AccentColor;
				CODE_SIGN_STYLE = Automatic;
				DEVELOPMENT_TEAM = 6CDWQZK7UX;
				ENABLE_PREVIEWS = YES;
				INFOPLIST_FILE = iOS/Info.plist;
				IPHONEOS_DEPLOYMENT_TARGET = 14.5;
				LD_RUNPATH_SEARCH_PATHS = (
					"$(inherited)",
					"@executable_path/Frameworks",
				);
				PRODUCT_BUNDLE_IDENTIFIER = nl.wittopkoning.lngr;
				PRODUCT_NAME = lngr;
				SDKROOT = iphoneos;
				SWIFT_VERSION = 5.0;
				TARGETED_DEVICE_FAMILY = "1,2";
				VALIDATE_PRODUCT = YES;
			};
			name = Release;
		};
		E6077B9225F175CD00F6F951 /* Debug */ = {
			isa = XCBuildConfiguration;
			buildSettings = {
				ASSETCATALOG_COMPILER_APPICON_NAME = AppIcon;
				ASSETCATALOG_COMPILER_GLOBAL_ACCENT_COLOR_NAME = AccentColor;
				CODE_SIGN_ENTITLEMENTS = macOS/macOS.entitlements;
				CODE_SIGN_IDENTITY = "-";
				CODE_SIGN_STYLE = Automatic;
				COMBINE_HIDPI_IMAGES = YES;
				DEVELOPMENT_TEAM = 6CDWQZK7UX;
				ENABLE_HARDENED_RUNTIME = YES;
				ENABLE_PREVIEWS = YES;
				INFOPLIST_FILE = macOS/Info.plist;
				LD_RUNPATH_SEARCH_PATHS = (
					"$(inherited)",
					"@executable_path/../Frameworks",
				);
				MACOSX_DEPLOYMENT_TARGET = 11.0;
				PRODUCT_BUNDLE_IDENTIFIER = nl.wittopkoning.lngr;
				PRODUCT_NAME = lngr;
				SDKROOT = macosx;
				SWIFT_VERSION = 5.0;
			};
			name = Debug;
		};
		E6077B9325F175CD00F6F951 /* Release */ = {
			isa = XCBuildConfiguration;
			buildSettings = {
				ASSETCATALOG_COMPILER_APPICON_NAME = AppIcon;
				ASSETCATALOG_COMPILER_GLOBAL_ACCENT_COLOR_NAME = AccentColor;
				CODE_SIGN_ENTITLEMENTS = macOS/macOS.entitlements;
				CODE_SIGN_IDENTITY = "-";
				CODE_SIGN_STYLE = Automatic;
				COMBINE_HIDPI_IMAGES = YES;
				DEVELOPMENT_TEAM = 6CDWQZK7UX;
				ENABLE_HARDENED_RUNTIME = YES;
				ENABLE_PREVIEWS = YES;
				INFOPLIST_FILE = macOS/Info.plist;
				LD_RUNPATH_SEARCH_PATHS = (
					"$(inherited)",
					"@executable_path/../Frameworks",
				);
				MACOSX_DEPLOYMENT_TARGET = 11.0;
				PRODUCT_BUNDLE_IDENTIFIER = nl.wittopkoning.lngr;
				PRODUCT_NAME = lngr;
				SDKROOT = macosx;
				SWIFT_VERSION = 5.0;
			};
			name = Release;
		};
		E607CE5E2651190D0084F2E7 /* Debug */ = {
			isa = XCBuildConfiguration;
			buildSettings = {
				CODE_SIGN_STYLE = Automatic;
				DEVELOPMENT_TEAM = 6CDWQZK7UX;
				INFOPLIST_FILE = GetCheapest/Info.plist;
				IPHONEOS_DEPLOYMENT_TARGET = 14.5;
				LD_RUNPATH_SEARCH_PATHS = (
					"$(inherited)",
					"@executable_path/Frameworks",
					"@executable_path/../../Frameworks",
				);
				PRODUCT_BUNDLE_IDENTIFIER = nl.wittopkoning.lngr.GetCheapest;
				PRODUCT_NAME = "$(TARGET_NAME)";
				SDKROOT = iphoneos;
				SKIP_INSTALL = YES;
				SWIFT_VERSION = 5.0;
				TARGETED_DEVICE_FAMILY = "1,2";
			};
			name = Debug;
		};
		E607CE5F2651190D0084F2E7 /* Release */ = {
			isa = XCBuildConfiguration;
			buildSettings = {
				CODE_SIGN_STYLE = Automatic;
				DEVELOPMENT_TEAM = 6CDWQZK7UX;
				INFOPLIST_FILE = GetCheapest/Info.plist;
				IPHONEOS_DEPLOYMENT_TARGET = 14.5;
				LD_RUNPATH_SEARCH_PATHS = (
					"$(inherited)",
					"@executable_path/Frameworks",
					"@executable_path/../../Frameworks",
				);
				PRODUCT_BUNDLE_IDENTIFIER = nl.wittopkoning.lngr.GetCheapest;
				PRODUCT_NAME = "$(TARGET_NAME)";
				SDKROOT = iphoneos;
				SKIP_INSTALL = YES;
				SWIFT_VERSION = 5.0;
				TARGETED_DEVICE_FAMILY = "1,2";
				VALIDATE_PRODUCT = YES;
			};
			name = Release;
		};
		E6B52B8D265061C7006DAB5C /* Debug */ = {
			isa = XCBuildConfiguration;
			buildSettings = {
				ASSETCATALOG_COMPILER_GLOBAL_ACCENT_COLOR_NAME = AccentColor;
				ASSETCATALOG_COMPILER_WIDGET_BACKGROUND_COLOR_NAME = WidgetBackground;
				CODE_SIGN_STYLE = Automatic;
				DEVELOPMENT_TEAM = 6CDWQZK7UX;
				INFOPLIST_FILE = rivmWidget/Info.plist;
				IPHONEOS_DEPLOYMENT_TARGET = 14.5;
				LD_RUNPATH_SEARCH_PATHS = (
					"$(inherited)",
					"@executable_path/Frameworks",
					"@executable_path/../../Frameworks",
				);
				PRODUCT_BUNDLE_IDENTIFIER = nl.wittopkoning.lngr.rivmWidget;
				PRODUCT_NAME = "$(TARGET_NAME)";
				SDKROOT = iphoneos;
				SKIP_INSTALL = YES;
				SWIFT_VERSION = 5.0;
				TARGETED_DEVICE_FAMILY = "1,2";
			};
			name = Debug;
		};
		E6B52B8E265061C7006DAB5C /* Release */ = {
			isa = XCBuildConfiguration;
			buildSettings = {
				ASSETCATALOG_COMPILER_GLOBAL_ACCENT_COLOR_NAME = AccentColor;
				ASSETCATALOG_COMPILER_WIDGET_BACKGROUND_COLOR_NAME = WidgetBackground;
				CODE_SIGN_STYLE = Automatic;
				DEVELOPMENT_TEAM = 6CDWQZK7UX;
				INFOPLIST_FILE = rivmWidget/Info.plist;
				IPHONEOS_DEPLOYMENT_TARGET = 14.5;
				LD_RUNPATH_SEARCH_PATHS = (
					"$(inherited)",
					"@executable_path/Frameworks",
					"@executable_path/../../Frameworks",
				);
				PRODUCT_BUNDLE_IDENTIFIER = nl.wittopkoning.lngr.rivmWidget;
				PRODUCT_NAME = "$(TARGET_NAME)";
				SDKROOT = iphoneos;
				SKIP_INSTALL = YES;
				SWIFT_VERSION = 5.0;
				TARGETED_DEVICE_FAMILY = "1,2";
				VALIDATE_PRODUCT = YES;
			};
			name = Release;
		};
/* End XCBuildConfiguration section */

/* Begin XCConfigurationList section */
		E6077B7125F175B800F6F951 /* Build configuration list for PBXProject "lngr" */ = {
			isa = XCConfigurationList;
			buildConfigurations = (
				E6077B8C25F175CD00F6F951 /* Debug */,
				E6077B8D25F175CD00F6F951 /* Release */,
			);
			defaultConfigurationIsVisible = 0;
			defaultConfigurationName = Release;
		};
		E6077B8E25F175CD00F6F951 /* Build configuration list for PBXNativeTarget "lngr (iOS)" */ = {
			isa = XCConfigurationList;
			buildConfigurations = (
				E6077B8F25F175CD00F6F951 /* Debug */,
				E6077B9025F175CD00F6F951 /* Release */,
			);
			defaultConfigurationIsVisible = 0;
			defaultConfigurationName = Release;
		};
		E6077B9125F175CD00F6F951 /* Build configuration list for PBXNativeTarget "lngr (macOS)" */ = {
			isa = XCConfigurationList;
			buildConfigurations = (
				E6077B9225F175CD00F6F951 /* Debug */,
				E6077B9325F175CD00F6F951 /* Release */,
			);
			defaultConfigurationIsVisible = 0;
			defaultConfigurationName = Release;
		};
		E607CE602651190D0084F2E7 /* Build configuration list for PBXNativeTarget "GetCheapest" */ = {
			isa = XCConfigurationList;
			buildConfigurations = (
				E607CE5E2651190D0084F2E7 /* Debug */,
				E607CE5F2651190D0084F2E7 /* Release */,
			);
			defaultConfigurationIsVisible = 0;
			defaultConfigurationName = Release;
		};
		E6B52B8C265061C7006DAB5C /* Build configuration list for PBXNativeTarget "rivmWidgetExtension" */ = {
			isa = XCConfigurationList;
			buildConfigurations = (
				E6B52B8D265061C7006DAB5C /* Debug */,
				E6B52B8E265061C7006DAB5C /* Release */,
			);
			defaultConfigurationIsVisible = 0;
			defaultConfigurationName = Release;
		};
/* End XCConfigurationList section */

/* Begin XCVersionGroup section */
		E64FA1F4267239AA003A1A86 /* coredata.xcdatamodeld */ = {
			isa = XCVersionGroup;
			children = (
				E64FA1F5267239AA003A1A86 /* lngr.xcdatamodel */,
			);
			currentVersion = E64FA1F5267239AA003A1A86 /* lngr.xcdatamodel */;
			path = coredata.xcdatamodeld;
			sourceTree = "<group>";
			versionGroupType = wrapper.xcdatamodel;
		};
/* End XCVersionGroup section */
	};
	rootObject = E6077B6E25F175B800F6F951 /* Project object */;
}
