// !$*UTF8*$!
{
	archiveVersion = 1;
	classes = {
	};
	objectVersion = 54;
	objects = {

/* Begin PBXBuildFile section */
		E6077B8625F175CD00F6F951 /* lngrApp.swift in Sources */ = {isa = PBXBuildFile; fileRef = E6077B7325F175B800F6F951 /* lngrApp.swift */; };
		E6077B8725F175CD00F6F951 /* lngrApp.swift in Sources */ = {isa = PBXBuildFile; fileRef = E6077B7325F175B800F6F951 /* lngrApp.swift */; };
		E6077B8825F175CD00F6F951 /* ContentView.swift in Sources */ = {isa = PBXBuildFile; fileRef = E6077B7425F175B800F6F951 /* ContentView.swift */; };
		E6077B8925F175CD00F6F951 /* ContentView.swift in Sources */ = {isa = PBXBuildFile; fileRef = E6077B7425F175B800F6F951 /* ContentView.swift */; };
		E6077B8A25F175CD00F6F951 /* Assets.xcassets in Resources */ = {isa = PBXBuildFile; fileRef = E6077B7525F175CC00F6F951 /* Assets.xcassets */; };
		E6077B8B25F175CD00F6F951 /* Assets.xcassets in Resources */ = {isa = PBXBuildFile; fileRef = E6077B7525F175CC00F6F951 /* Assets.xcassets */; };
		E607CE562651190D0084F2E7 /* Intents.framework in Frameworks */ = {isa = PBXBuildFile; fileRef = E68B5E95260490F700385A7E /* Intents.framework */; };
		E607CE592651190D0084F2E7 /* IntentHandler.swift in Sources */ = {isa = PBXBuildFile; fileRef = E607CE582651190D0084F2E7 /* IntentHandler.swift */; };
		E607CE5D2651190D0084F2E7 /* GetCheapest.appex in Embed Foundation Extensions */ = {isa = PBXBuildFile; fileRef = E607CE552651190D0084F2E7 /* GetCheapest.appex */; settings = {ATTRIBUTES = (RemoveHeadersOnCopy, ); }; };
		E607CE622651193A0084F2E7 /* Intents.intentdefinition in Sources */ = {isa = PBXBuildFile; fileRef = E607CE612651193A0084F2E7 /* Intents.intentdefinition */; };
		E621E1A427CD271300AE8297 /* stoicWidget.swift in Sources */ = {isa = PBXBuildFile; fileRef = E621E1A327CD271300AE8297 /* stoicWidget.swift */; };
		E621E1E127CD2B2500AE8297 /* qoutes.swift in Sources */ = {isa = PBXBuildFile; fileRef = E621E1E027CD2B2500AE8297 /* qoutes.swift */; };
		E62C7AF72687183F00429C97 /* LingerieFetcherSpotlight.swift in Sources */ = {isa = PBXBuildFile; fileRef = E62C7AF62687183F00429C97 /* LingerieFetcherSpotlight.swift */; };
		E62C7AF82687183F00429C97 /* LingerieFetcherSpotlight.swift in Sources */ = {isa = PBXBuildFile; fileRef = E62C7AF62687183F00429C97 /* LingerieFetcherSpotlight.swift */; };
		E62D0170286E14CC005DAE25 /* BackgroundSupport.swift in Sources */ = {isa = PBXBuildFile; fileRef = E62D016F286E14CC005DAE25 /* BackgroundSupport.swift */; };
		E62D0171286E14CC005DAE25 /* BackgroundSupport.swift in Sources */ = {isa = PBXBuildFile; fileRef = E62D016F286E14CC005DAE25 /* BackgroundSupport.swift */; };
		E64DD17325F1843C00284803 /* LingerieImageView.swift in Sources */ = {isa = PBXBuildFile; fileRef = E64DD16C25F1843C00284803 /* LingerieImageView.swift */; };
		E64DD17425F1843C00284803 /* LingerieImageView.swift in Sources */ = {isa = PBXBuildFile; fileRef = E64DD16C25F1843C00284803 /* LingerieImageView.swift */; };
		E64DD18E25F22A1000284803 /* LingerieView.swift in Sources */ = {isa = PBXBuildFile; fileRef = E64DD18D25F22A0F00284803 /* LingerieView.swift */; };
		E64DD18F25F22A1000284803 /* LingerieView.swift in Sources */ = {isa = PBXBuildFile; fileRef = E64DD18D25F22A0F00284803 /* LingerieView.swift */; };
		E64E66022677AD9F00B08C89 /* lngrRow.swift in Sources */ = {isa = PBXBuildFile; fileRef = E64E66012677AD9F00B08C89 /* lngrRow.swift */; };
		E64E66032677AD9F00B08C89 /* lngrRow.swift in Sources */ = {isa = PBXBuildFile; fileRef = E64E66012677AD9F00B08C89 /* lngrRow.swift */; };
		E64E66052677AE5800B08C89 /* GetLngr.swift in Sources */ = {isa = PBXBuildFile; fileRef = E64E66042677AE5800B08C89 /* GetLngr.swift */; };
		E65887D4266AB9B500816B41 /* Intents.intentdefinition in Sources */ = {isa = PBXBuildFile; fileRef = E607CE612651193A0084F2E7 /* Intents.intentdefinition */; settings = {ATTRIBUTES = (no_codegen, ); }; };
		E65887D5266AB9BD00816B41 /* Intents.intentdefinition in Sources */ = {isa = PBXBuildFile; fileRef = E607CE612651193A0084F2E7 /* Intents.intentdefinition */; settings = {ATTRIBUTES = (no_codegen, ); }; };
		E6A65B9D286C870300EEA2C8 /* UserNotifications.framework in Frameworks */ = {isa = PBXBuildFile; fileRef = E6A65B9C286C870300EEA2C8 /* UserNotifications.framework */; };
		E6A65B9F286C870300EEA2C8 /* UserNotificationsUI.framework in Frameworks */ = {isa = PBXBuildFile; fileRef = E6A65B9E286C870300EEA2C8 /* UserNotificationsUI.framework */; };
		E6A65BA2286C870300EEA2C8 /* NotificationViewController.swift in Sources */ = {isa = PBXBuildFile; fileRef = E6A65BA1286C870300EEA2C8 /* NotificationViewController.swift */; };
		E6A65BA5286C870300EEA2C8 /* MainInterface.storyboard in Resources */ = {isa = PBXBuildFile; fileRef = E6A65BA3286C870300EEA2C8 /* MainInterface.storyboard */; };
		E6A65BA9286C870300EEA2C8 /* notificationui.appex in Embed Foundation Extensions */ = {isa = PBXBuildFile; fileRef = E6A65B9B286C870300EEA2C8 /* notificationui.appex */; settings = {ATTRIBUTES = (RemoveHeadersOnCopy, ); }; };
		E6B2894226739D3E00354743 /* model.swift in Sources */ = {isa = PBXBuildFile; fileRef = E6B2894126739D3E00354743 /* model.swift */; };
		E6B52B81265061BC006DAB5C /* WidgetKit.framework in Frameworks */ = {isa = PBXBuildFile; fileRef = E68170D525F3D5D200C9DD32 /* WidgetKit.framework */; };
		E6B52B82265061BC006DAB5C /* SwiftUI.framework in Frameworks */ = {isa = PBXBuildFile; fileRef = E68170D725F3D5D200C9DD32 /* SwiftUI.framework */; };
		E6B52B85265061BD006DAB5C /* rivmWidget.swift in Sources */ = {isa = PBXBuildFile; fileRef = E6B52B84265061BD006DAB5C /* rivmWidget.swift */; };
		E6B52B87265061C7006DAB5C /* Assets.xcassets in Resources */ = {isa = PBXBuildFile; fileRef = E6B52B86265061C7006DAB5C /* Assets.xcassets */; };
		E6B52B8B265061C7006DAB5C /* rivmWidgetExtension.appex in Embed Foundation Extensions */ = {isa = PBXBuildFile; fileRef = E6B52B80265061BC006DAB5C /* rivmWidgetExtension.appex */; settings = {ATTRIBUTES = (RemoveHeadersOnCopy, ); }; };
		E6BEF8252A58318700A2CD6C /* ImageViewTest.swift in Sources */ = {isa = PBXBuildFile; fileRef = E6BEF8242A58318700A2CD6C /* ImageViewTest.swift */; };
		E6C5DB1E26B7D7850002A7F1 /* Settings.bundle in Resources */ = {isa = PBXBuildFile; fileRef = E6C5DB1D26B7D7850002A7F1 /* Settings.bundle */; };
		E6C5DB1F26B7D7850002A7F1 /* Settings.bundle in Resources */ = {isa = PBXBuildFile; fileRef = E6C5DB1D26B7D7850002A7F1 /* Settings.bundle */; };
		E6C6F47C2C0B150C0053D65B /* LingerieModels.swift in Sources */ = {isa = PBXBuildFile; fileRef = E6C6F47B2C0B150C0053D65B /* LingerieModels.swift */; };
		E6C6F47D2C0B150C0053D65B /* LingerieModels.swift in Sources */ = {isa = PBXBuildFile; fileRef = E6C6F47B2C0B150C0053D65B /* LingerieModels.swift */; };
		E6C810B626ED0DAD00A9925B /* OpenLocker WatchKit App.app in Embed Watch Content */ = {isa = PBXBuildFile; fileRef = E6C810B526ED0DAD00A9925B /* OpenLocker WatchKit App.app */; settings = {ATTRIBUTES = (RemoveHeadersOnCopy, ); }; };
		E6C810BB26ED0DAE00A9925B /* Assets.xcassets in Resources */ = {isa = PBXBuildFile; fileRef = E6C810BA26ED0DAE00A9925B /* Assets.xcassets */; };
		E6C810C726ED0DAE00A9925B /* lngrApp.swift in Sources */ = {isa = PBXBuildFile; fileRef = E6C810C626ED0DAE00A9925B /* lngrApp.swift */; };
		E6C810C926ED0DAE00A9925B /* ContentView.swift in Sources */ = {isa = PBXBuildFile; fileRef = E6C810C826ED0DAE00A9925B /* ContentView.swift */; };
		E6C810CB26ED0DAE00A9925B /* NotificationController.swift in Sources */ = {isa = PBXBuildFile; fileRef = E6C810CA26ED0DAE00A9925B /* NotificationController.swift */; };
		E6C810CD26ED0DAE00A9925B /* NotificationView.swift in Sources */ = {isa = PBXBuildFile; fileRef = E6C810CC26ED0DAE00A9925B /* NotificationView.swift */; };
		E6C810CF26ED0DAE00A9925B /* ComplicationController.swift in Sources */ = {isa = PBXBuildFile; fileRef = E6C810CE26ED0DAE00A9925B /* ComplicationController.swift */; };
		E6C810D126ED0DAF00A9925B /* Assets.xcassets in Resources */ = {isa = PBXBuildFile; fileRef = E6C810D026ED0DAF00A9925B /* Assets.xcassets */; };
		E6C810D426ED0DAF00A9925B /* Preview Assets.xcassets in Resources */ = {isa = PBXBuildFile; fileRef = E6C810D326ED0DAF00A9925B /* Preview Assets.xcassets */; };
		E6C810E526ED0E9E00A9925B /* LockerManager.swift in Sources */ = {isa = PBXBuildFile; fileRef = E6C810E426ED0E9E00A9925B /* LockerManager.swift */; };
		E6D08C9927B4051400B133ED /* .env.txt in Resources */ = {isa = PBXBuildFile; fileRef = E6D08C9827B4051400B133ED /* .env.txt */; };
		E6D08C9A27B4051400B133ED /* .env.txt in Resources */ = {isa = PBXBuildFile; fileRef = E6D08C9827B4051400B133ED /* .env.txt */; };
		E6D2A15425F373100007EC2D /* LingeriesView.swift in Sources */ = {isa = PBXBuildFile; fileRef = E6D2A15325F373100007EC2D /* LingeriesView.swift */; };
		E6D2A15525F373100007EC2D /* LingeriesView.swift in Sources */ = {isa = PBXBuildFile; fileRef = E6D2A15325F373100007EC2D /* LingeriesView.swift */; };
		E6DE7E53268C5581003B88B4 /* QuickLook.framework in Frameworks */ = {isa = PBXBuildFile; fileRef = E6DE7E52268C5581003B88B4 /* QuickLook.framework */; };
		E6DE7E56268C5581003B88B4 /* PreviewViewController.swift in Sources */ = {isa = PBXBuildFile; fileRef = E6DE7E55268C5581003B88B4 /* PreviewViewController.swift */; };
		E6DE7E59268C5581003B88B4 /* MainInterface.storyboard in Resources */ = {isa = PBXBuildFile; fileRef = E6DE7E57268C5581003B88B4 /* MainInterface.storyboard */; };
		E6DE7E5D268C5581003B88B4 /* MarkDown.appex in Embed Foundation Extensions */ = {isa = PBXBuildFile; fileRef = E6DE7E51268C5581003B88B4 /* MarkDown.appex */; settings = {ATTRIBUTES = (RemoveHeadersOnCopy, ); }; };
		E6DE7E68268C9FB6003B88B4 /* lngrUITests.swift in Sources */ = {isa = PBXBuildFile; fileRef = E6DE7E67268C9FB6003B88B4 /* lngrUITests.swift */; };
		E6ED55FC26946F1C001F978F /* GetImage.swift in Sources */ = {isa = PBXBuildFile; fileRef = E6ED55FB26946F1C001F978F /* GetImage.swift */; };
		E6F003B3272D3CB1000C92A4 /* ComplicationView.swift in Sources */ = {isa = PBXBuildFile; fileRef = E6F003B2272D3CB1000C92A4 /* ComplicationView.swift */; };
/* End PBXBuildFile section */

/* Begin PBXContainerItemProxy section */
		E607CE5B2651190D0084F2E7 /* PBXContainerItemProxy */ = {
			isa = PBXContainerItemProxy;
			containerPortal = E6077B6E25F175B800F6F951 /* Project object */;
			proxyType = 1;
			remoteGlobalIDString = E607CE542651190D0084F2E7;
			remoteInfo = GetCheapest;
		};
		E6A65BA7286C870300EEA2C8 /* PBXContainerItemProxy */ = {
			isa = PBXContainerItemProxy;
			containerPortal = E6077B6E25F175B800F6F951 /* Project object */;
			proxyType = 1;
			remoteGlobalIDString = E6A65B9A286C870300EEA2C8;
			remoteInfo = notificationui;
		};
		E6B52B89265061C7006DAB5C /* PBXContainerItemProxy */ = {
			isa = PBXContainerItemProxy;
			containerPortal = E6077B6E25F175B800F6F951 /* Project object */;
			proxyType = 1;
			remoteGlobalIDString = E6B52B7F265061BC006DAB5C;
			remoteInfo = rivmWidgetExtension;
		};
		E6C810B726ED0DAD00A9925B /* PBXContainerItemProxy */ = {
			isa = PBXContainerItemProxy;
			containerPortal = E6077B6E25F175B800F6F951 /* Project object */;
			proxyType = 1;
			remoteGlobalIDString = E6C810B426ED0DAD00A9925B;
			remoteInfo = "OpenLocker WatchKit App";
		};
		E6DE7E5B268C5581003B88B4 /* PBXContainerItemProxy */ = {
			isa = PBXContainerItemProxy;
			containerPortal = E6077B6E25F175B800F6F951 /* Project object */;
			proxyType = 1;
			remoteGlobalIDString = E6DE7E50268C5581003B88B4;
			remoteInfo = MarkDown;
		};
		E6DE7E6A268C9FB6003B88B4 /* PBXContainerItemProxy */ = {
			isa = PBXContainerItemProxy;
			containerPortal = E6077B6E25F175B800F6F951 /* Project object */;
			proxyType = 1;
			remoteGlobalIDString = E6077B7925F175CC00F6F951;
			remoteInfo = "lngr (iOS)";
		};
/* End PBXContainerItemProxy section */

/* Begin PBXCopyFilesBuildPhase section */
		E68170E525F3D5E600C9DD32 /* Embed Foundation Extensions */ = {
			isa = PBXCopyFilesBuildPhase;
			buildActionMask = 2147483647;
			dstPath = "";
			dstSubfolderSpec = 13;
			files = (
				E607CE5D2651190D0084F2E7 /* GetCheapest.appex in Embed Foundation Extensions */,
				E6A65BA9286C870300EEA2C8 /* notificationui.appex in Embed Foundation Extensions */,
				E6DE7E5D268C5581003B88B4 /* MarkDown.appex in Embed Foundation Extensions */,
				E6B52B8B265061C7006DAB5C /* rivmWidgetExtension.appex in Embed Foundation Extensions */,
			);
			name = "Embed Foundation Extensions";
			runOnlyForDeploymentPostprocessing = 0;
		};
		E6C810D926ED0DAF00A9925B /* Embed Watch Content */ = {
			isa = PBXCopyFilesBuildPhase;
			buildActionMask = 2147483647;
			dstPath = "$(CONTENTS_FOLDER_PATH)/Watch";
			dstSubfolderSpec = 16;
			files = (
				E6C810B626ED0DAD00A9925B /* OpenLocker WatchKit App.app in Embed Watch Content */,
			);
			name = "Embed Watch Content";
			runOnlyForDeploymentPostprocessing = 0;
		};
/* End PBXCopyFilesBuildPhase section */

/* Begin PBXFileReference section */
		E6077B7325F175B800F6F951 /* lngrApp.swift */ = {isa = PBXFileReference; lastKnownFileType = sourcecode.swift; path = lngrApp.swift; sourceTree = "<group>"; };
		E6077B7425F175B800F6F951 /* ContentView.swift */ = {isa = PBXFileReference; lastKnownFileType = sourcecode.swift; path = ContentView.swift; sourceTree = "<group>"; };
		E6077B7525F175CC00F6F951 /* Assets.xcassets */ = {isa = PBXFileReference; lastKnownFileType = folder.assetcatalog; path = Assets.xcassets; sourceTree = "<group>"; };
		E6077B7A25F175CD00F6F951 /* lngr.app */ = {isa = PBXFileReference; explicitFileType = wrapper.application; includeInIndex = 0; path = lngr.app; sourceTree = BUILT_PRODUCTS_DIR; };
		E6077B7D25F175CD00F6F951 /* Info.plist */ = {isa = PBXFileReference; lastKnownFileType = text.plist.xml; path = Info.plist; sourceTree = "<group>"; };
		E6077B8225F175CD00F6F951 /* lngr.app */ = {isa = PBXFileReference; explicitFileType = wrapper.application; includeInIndex = 0; path = lngr.app; sourceTree = BUILT_PRODUCTS_DIR; };
		E6077B8425F175CD00F6F951 /* Info.plist */ = {isa = PBXFileReference; lastKnownFileType = text.plist.xml; path = Info.plist; sourceTree = "<group>"; };
		E6077B8525F175CD00F6F951 /* macOS.entitlements */ = {isa = PBXFileReference; lastKnownFileType = text.plist.entitlements; path = macOS.entitlements; sourceTree = "<group>"; };
		E607CE552651190D0084F2E7 /* GetCheapest.appex */ = {isa = PBXFileReference; explicitFileType = "wrapper.app-extension"; includeInIndex = 0; path = GetCheapest.appex; sourceTree = BUILT_PRODUCTS_DIR; };
		E607CE582651190D0084F2E7 /* IntentHandler.swift */ = {isa = PBXFileReference; lastKnownFileType = sourcecode.swift; path = IntentHandler.swift; sourceTree = "<group>"; };
		E607CE5A2651190D0084F2E7 /* Info.plist */ = {isa = PBXFileReference; lastKnownFileType = text.plist.xml; path = Info.plist; sourceTree = "<group>"; };
		E607CE612651193A0084F2E7 /* Intents.intentdefinition */ = {isa = PBXFileReference; lastKnownFileType = file.intentdefinition; path = Intents.intentdefinition; sourceTree = "<group>"; };
		E621E1A327CD271300AE8297 /* stoicWidget.swift */ = {isa = PBXFileReference; lastKnownFileType = sourcecode.swift; path = stoicWidget.swift; sourceTree = "<group>"; };
		E621E1E027CD2B2500AE8297 /* qoutes.swift */ = {isa = PBXFileReference; lastKnownFileType = sourcecode.swift; path = qoutes.swift; sourceTree = "<group>"; };
		E62C7AF62687183F00429C97 /* LingerieFetcherSpotlight.swift */ = {isa = PBXFileReference; lastKnownFileType = sourcecode.swift; path = LingerieFetcherSpotlight.swift; sourceTree = "<group>"; };
		E62D016F286E14CC005DAE25 /* BackgroundSupport.swift */ = {isa = PBXFileReference; lastKnownFileType = sourcecode.swift; path = BackgroundSupport.swift; sourceTree = "<group>"; };
		E64DD16C25F1843C00284803 /* LingerieImageView.swift */ = {isa = PBXFileReference; fileEncoding = 4; lastKnownFileType = sourcecode.swift; path = LingerieImageView.swift; sourceTree = "<group>"; };
		E64DD18D25F22A0F00284803 /* LingerieView.swift */ = {isa = PBXFileReference; lastKnownFileType = sourcecode.swift; path = LingerieView.swift; sourceTree = "<group>"; };
		E64E66012677AD9F00B08C89 /* lngrRow.swift */ = {isa = PBXFileReference; lastKnownFileType = sourcecode.swift; path = lngrRow.swift; sourceTree = "<group>"; };
		E64E66042677AE5800B08C89 /* GetLngr.swift */ = {isa = PBXFileReference; lastKnownFileType = sourcecode.swift; name = GetLngr.swift; path = Shared/GetLngr.swift; sourceTree = SOURCE_ROOT; };
		E68170D525F3D5D200C9DD32 /* WidgetKit.framework */ = {isa = PBXFileReference; lastKnownFileType = wrapper.framework; name = WidgetKit.framework; path = System/Library/Frameworks/WidgetKit.framework; sourceTree = SDKROOT; };
		E68170D725F3D5D200C9DD32 /* SwiftUI.framework */ = {isa = PBXFileReference; lastKnownFileType = wrapper.framework; name = SwiftUI.framework; path = System/Library/Frameworks/SwiftUI.framework; sourceTree = SDKROOT; };
		E68B5E95260490F700385A7E /* Intents.framework */ = {isa = PBXFileReference; lastKnownFileType = wrapper.framework; name = Intents.framework; path = System/Library/Frameworks/Intents.framework; sourceTree = SDKROOT; };
		E6A65B9B286C870300EEA2C8 /* notificationui.appex */ = {isa = PBXFileReference; explicitFileType = "wrapper.app-extension"; includeInIndex = 0; path = notificationui.appex; sourceTree = BUILT_PRODUCTS_DIR; };
		E6A65B9C286C870300EEA2C8 /* UserNotifications.framework */ = {isa = PBXFileReference; lastKnownFileType = wrapper.framework; name = UserNotifications.framework; path = System/Library/Frameworks/UserNotifications.framework; sourceTree = SDKROOT; };
		E6A65B9E286C870300EEA2C8 /* UserNotificationsUI.framework */ = {isa = PBXFileReference; lastKnownFileType = wrapper.framework; name = UserNotificationsUI.framework; path = System/Library/Frameworks/UserNotificationsUI.framework; sourceTree = SDKROOT; };
		E6A65BA1286C870300EEA2C8 /* NotificationViewController.swift */ = {isa = PBXFileReference; lastKnownFileType = sourcecode.swift; path = NotificationViewController.swift; sourceTree = "<group>"; };
		E6A65BA4286C870300EEA2C8 /* Base */ = {isa = PBXFileReference; lastKnownFileType = file.storyboard; name = Base; path = Base.lproj/MainInterface.storyboard; sourceTree = "<group>"; };
		E6A65BA6286C870300EEA2C8 /* Info.plist */ = {isa = PBXFileReference; lastKnownFileType = text.plist.xml; path = Info.plist; sourceTree = "<group>"; };
		E6B2894126739D3E00354743 /* model.swift */ = {isa = PBXFileReference; lastKnownFileType = sourcecode.swift; path = model.swift; sourceTree = "<group>"; };
		E6B52B80265061BC006DAB5C /* rivmWidgetExtension.appex */ = {isa = PBXFileReference; explicitFileType = "wrapper.app-extension"; includeInIndex = 0; path = rivmWidgetExtension.appex; sourceTree = BUILT_PRODUCTS_DIR; };
		E6B52B84265061BD006DAB5C /* rivmWidget.swift */ = {isa = PBXFileReference; lastKnownFileType = sourcecode.swift; path = rivmWidget.swift; sourceTree = "<group>"; };
		E6B52B86265061C7006DAB5C /* Assets.xcassets */ = {isa = PBXFileReference; lastKnownFileType = folder.assetcatalog; path = Assets.xcassets; sourceTree = "<group>"; };
		E6B52B88265061C7006DAB5C /* Info.plist */ = {isa = PBXFileReference; lastKnownFileType = text.plist.xml; path = Info.plist; sourceTree = "<group>"; };
		E6BB0E7E26827884001E567B /* TODO.md */ = {isa = PBXFileReference; lastKnownFileType = net.daringfireball.markdown; path = TODO.md; sourceTree = "<group>"; };
		E6BEF8242A58318700A2CD6C /* ImageViewTest.swift */ = {isa = PBXFileReference; lastKnownFileType = sourcecode.swift; path = ImageViewTest.swift; sourceTree = "<group>"; };
		E6C5DB1D26B7D7850002A7F1 /* Settings.bundle */ = {isa = PBXFileReference; lastKnownFileType = "wrapper.plug-in"; path = Settings.bundle; sourceTree = "<group>"; };
		E6C6419D2674974400D6984D /* GetCheapest.entitlements */ = {isa = PBXFileReference; lastKnownFileType = text.plist.entitlements; path = GetCheapest.entitlements; sourceTree = "<group>"; };
		E6C6419E2674980F00D6984D /* lngr.entitlements */ = {isa = PBXFileReference; lastKnownFileType = text.plist.entitlements; path = lngr.entitlements; sourceTree = "<group>"; };
		E6C6F47B2C0B150C0053D65B /* LingerieModels.swift */ = {isa = PBXFileReference; lastKnownFileType = sourcecode.swift; path = LingerieModels.swift; sourceTree = "<group>"; };
		E6C810B226ED0DAD00A9925B /* OpenLocker.app */ = {isa = PBXFileReference; explicitFileType = wrapper.application; includeInIndex = 0; path = OpenLocker.app; sourceTree = BUILT_PRODUCTS_DIR; };
		E6C810B526ED0DAD00A9925B /* OpenLocker WatchKit App.app */ = {isa = PBXFileReference; explicitFileType = wrapper.application; includeInIndex = 0; path = "OpenLocker WatchKit App.app"; sourceTree = BUILT_PRODUCTS_DIR; };
		E6C810BA26ED0DAE00A9925B /* Assets.xcassets */ = {isa = PBXFileReference; lastKnownFileType = folder.assetcatalog; path = Assets.xcassets; sourceTree = "<group>"; };
		E6C810BC26ED0DAE00A9925B /* Info.plist */ = {isa = PBXFileReference; lastKnownFileType = text.plist.xml; path = Info.plist; sourceTree = "<group>"; };
		E6C810C626ED0DAE00A9925B /* lngrApp.swift */ = {isa = PBXFileReference; lastKnownFileType = sourcecode.swift; path = lngrApp.swift; sourceTree = "<group>"; };
		E6C810C826ED0DAE00A9925B /* ContentView.swift */ = {isa = PBXFileReference; lastKnownFileType = sourcecode.swift; path = ContentView.swift; sourceTree = "<group>"; };
		E6C810CA26ED0DAE00A9925B /* NotificationController.swift */ = {isa = PBXFileReference; lastKnownFileType = sourcecode.swift; path = NotificationController.swift; sourceTree = "<group>"; };
		E6C810CC26ED0DAE00A9925B /* NotificationView.swift */ = {isa = PBXFileReference; lastKnownFileType = sourcecode.swift; path = NotificationView.swift; sourceTree = "<group>"; };
		E6C810CE26ED0DAE00A9925B /* ComplicationController.swift */ = {isa = PBXFileReference; lastKnownFileType = sourcecode.swift; path = ComplicationController.swift; sourceTree = "<group>"; };
		E6C810D026ED0DAF00A9925B /* Assets.xcassets */ = {isa = PBXFileReference; lastKnownFileType = folder.assetcatalog; path = Assets.xcassets; sourceTree = "<group>"; };
		E6C810D326ED0DAF00A9925B /* Preview Assets.xcassets */ = {isa = PBXFileReference; lastKnownFileType = folder.assetcatalog; path = "Preview Assets.xcassets"; sourceTree = "<group>"; };
		E6C810D526ED0DAF00A9925B /* Info.plist */ = {isa = PBXFileReference; lastKnownFileType = text.plist.xml; path = Info.plist; sourceTree = "<group>"; };
		E6C810D626ED0DAF00A9925B /* PushNotificationPayload.apns */ = {isa = PBXFileReference; lastKnownFileType = text; path = PushNotificationPayload.apns; sourceTree = "<group>"; };
		E6C810E226ED0E9E00A9925B /* OpenLocker-Bridging-Header.h */ = {isa = PBXFileReference; lastKnownFileType = sourcecode.c.h; path = "OpenLocker-Bridging-Header.h"; sourceTree = "<group>"; };
		E6C810E326ED0E9E00A9925B /* OpenLocker WatchKit App-Bridging-Header.h */ = {isa = PBXFileReference; lastKnownFileType = sourcecode.c.h; path = "OpenLocker WatchKit App-Bridging-Header.h"; sourceTree = "<group>"; };
		E6C810E426ED0E9E00A9925B /* LockerManager.swift */ = {isa = PBXFileReference; lastKnownFileType = sourcecode.swift; path = LockerManager.swift; sourceTree = "<group>"; };
		E6D08C9827B4051400B133ED /* .env.txt */ = {isa = PBXFileReference; fileEncoding = 4; lastKnownFileType = text; path = .env.txt; sourceTree = "<group>"; };
		E6D2A15325F373100007EC2D /* LingeriesView.swift */ = {isa = PBXFileReference; fileEncoding = 4; lastKnownFileType = sourcecode.swift; path = LingeriesView.swift; sourceTree = "<group>"; };
		E6DE7E51268C5581003B88B4 /* MarkDown.appex */ = {isa = PBXFileReference; explicitFileType = "wrapper.app-extension"; includeInIndex = 0; path = MarkDown.appex; sourceTree = BUILT_PRODUCTS_DIR; };
		E6DE7E52268C5581003B88B4 /* QuickLook.framework */ = {isa = PBXFileReference; lastKnownFileType = wrapper.framework; name = QuickLook.framework; path = System/Library/Frameworks/QuickLook.framework; sourceTree = SDKROOT; };
		E6DE7E55268C5581003B88B4 /* PreviewViewController.swift */ = {isa = PBXFileReference; lastKnownFileType = sourcecode.swift; path = PreviewViewController.swift; sourceTree = "<group>"; };
		E6DE7E58268C5581003B88B4 /* Base */ = {isa = PBXFileReference; lastKnownFileType = file.storyboard; name = Base; path = Base.lproj/MainInterface.storyboard; sourceTree = "<group>"; };
		E6DE7E5A268C5581003B88B4 /* Info.plist */ = {isa = PBXFileReference; lastKnownFileType = text.plist.xml; path = Info.plist; sourceTree = "<group>"; };
		E6DE7E65268C9FB6003B88B4 /* lngrUITests.xctest */ = {isa = PBXFileReference; explicitFileType = wrapper.cfbundle; includeInIndex = 0; path = lngrUITests.xctest; sourceTree = BUILT_PRODUCTS_DIR; };
		E6DE7E67268C9FB6003B88B4 /* lngrUITests.swift */ = {isa = PBXFileReference; lastKnownFileType = sourcecode.swift; path = lngrUITests.swift; sourceTree = "<group>"; };
		E6DE7E69268C9FB6003B88B4 /* Info.plist */ = {isa = PBXFileReference; lastKnownFileType = text.plist.xml; path = Info.plist; sourceTree = "<group>"; };
		E6ED55FB26946F1C001F978F /* GetImage.swift */ = {isa = PBXFileReference; lastKnownFileType = sourcecode.swift; path = GetImage.swift; sourceTree = "<group>"; };
		E6F003B2272D3CB1000C92A4 /* ComplicationView.swift */ = {isa = PBXFileReference; lastKnownFileType = sourcecode.swift; path = ComplicationView.swift; sourceTree = "<group>"; };
/* End PBXFileReference section */

/* Begin PBXFrameworksBuildPhase section */
		E6077B7725F175CC00F6F951 /* Frameworks */ = {
			isa = PBXFrameworksBuildPhase;
			buildActionMask = 2147483647;
			files = (
			);
			runOnlyForDeploymentPostprocessing = 0;
		};
		E6077B7F25F175CD00F6F951 /* Frameworks */ = {
			isa = PBXFrameworksBuildPhase;
			buildActionMask = 2147483647;
			files = (
			);
			runOnlyForDeploymentPostprocessing = 0;
		};
		E607CE522651190D0084F2E7 /* Frameworks */ = {
			isa = PBXFrameworksBuildPhase;
			buildActionMask = 2147483647;
			files = (
				E607CE562651190D0084F2E7 /* Intents.framework in Frameworks */,
			);
			runOnlyForDeploymentPostprocessing = 0;
		};
		E6A65B98286C870300EEA2C8 /* Frameworks */ = {
			isa = PBXFrameworksBuildPhase;
			buildActionMask = 2147483647;
			files = (
				E6A65B9F286C870300EEA2C8 /* UserNotificationsUI.framework in Frameworks */,
				E6A65B9D286C870300EEA2C8 /* UserNotifications.framework in Frameworks */,
			);
			runOnlyForDeploymentPostprocessing = 0;
		};
		E6B52B7D265061BC006DAB5C /* Frameworks */ = {
			isa = PBXFrameworksBuildPhase;
			buildActionMask = 2147483647;
			files = (
				E6B52B82265061BC006DAB5C /* SwiftUI.framework in Frameworks */,
				E6B52B81265061BC006DAB5C /* WidgetKit.framework in Frameworks */,
			);
			runOnlyForDeploymentPostprocessing = 0;
		};
		E6C810BE26ED0DAE00A9925B /* Frameworks */ = {
			isa = PBXFrameworksBuildPhase;
			buildActionMask = 2147483647;
			files = (
			);
			runOnlyForDeploymentPostprocessing = 0;
		};
		E6DE7E4E268C5581003B88B4 /* Frameworks */ = {
			isa = PBXFrameworksBuildPhase;
			buildActionMask = 2147483647;
			files = (
				E6DE7E53268C5581003B88B4 /* QuickLook.framework in Frameworks */,
			);
			runOnlyForDeploymentPostprocessing = 0;
		};
		E6DE7E62268C9FB6003B88B4 /* Frameworks */ = {
			isa = PBXFrameworksBuildPhase;
			buildActionMask = 2147483647;
			files = (
			);
			runOnlyForDeploymentPostprocessing = 0;
		};
/* End PBXFrameworksBuildPhase section */

/* Begin PBXGroup section */
		E6077B6D25F175B800F6F951 = {
			isa = PBXGroup;
			children = (
				E6BB0E7E26827884001E567B /* TODO.md */,
				E6C6419E2674980F00D6984D /* lngr.entitlements */,
				E6077B7225F175B800F6F951 /* Shared */,
				E6077B7C25F175CD00F6F951 /* iOS */,
				E6077B8325F175CD00F6F951 /* macOS */,
				E6B52B83265061BD006DAB5C /* rivmWidget */,
				E607CE572651190D0084F2E7 /* GetCheapest */,
				E6DE7E54268C5581003B88B4 /* MarkDown */,
				E6DE7E66268C9FB6003B88B4 /* lngrUITests */,
				E6C810B926ED0DAD00A9925B /* OpenLocker WatchKit App */,
				E6C810C526ED0DAE00A9925B /* OpenLocker WatchKit Extension */,
				E6A65BA0286C870300EEA2C8 /* notificationui */,
				E68170D425F3D5D200C9DD32 /* Frameworks */,
				E6077B7B25F175CD00F6F951 /* Products */,
			);
			sourceTree = "<group>";
		};
		E6077B7225F175B800F6F951 /* Shared */ = {
			isa = PBXGroup;
			children = (
				E6BEF8242A58318700A2CD6C /* ImageViewTest.swift */,
				E6077B7325F175B800F6F951 /* lngrApp.swift */,
				E6077B7425F175B800F6F951 /* ContentView.swift */,
				E62D016F286E14CC005DAE25 /* BackgroundSupport.swift */,
				E6D2A15325F373100007EC2D /* LingeriesView.swift */,
				E6C6F47B2C0B150C0053D65B /* LingerieModels.swift */,
				E62C7AF62687183F00429C97 /* LingerieFetcherSpotlight.swift */,
				E64DD18D25F22A0F00284803 /* LingerieView.swift */,
				E64DD16C25F1843C00284803 /* LingerieImageView.swift */,
				E64E66012677AD9F00B08C89 /* lngrRow.swift */,
				E6C5DB1D26B7D7850002A7F1 /* Settings.bundle */,
				E6077B7525F175CC00F6F951 /* Assets.xcassets */,
			);
			path = Shared;
			sourceTree = "<group>";
		};
		E6077B7B25F175CD00F6F951 /* Products */ = {
			isa = PBXGroup;
			children = (
				E6077B7A25F175CD00F6F951 /* lngr.app */,
				E6077B8225F175CD00F6F951 /* lngr.app */,
				E6B52B80265061BC006DAB5C /* rivmWidgetExtension.appex */,
				E607CE552651190D0084F2E7 /* GetCheapest.appex */,
				E6DE7E51268C5581003B88B4 /* MarkDown.appex */,
				E6DE7E65268C9FB6003B88B4 /* lngrUITests.xctest */,
				E6C810B226ED0DAD00A9925B /* OpenLocker.app */,
				E6C810B526ED0DAD00A9925B /* OpenLocker WatchKit App.app */,
				E6A65B9B286C870300EEA2C8 /* notificationui.appex */,
			);
			name = Products;
			sourceTree = "<group>";
		};
		E6077B7C25F175CD00F6F951 /* iOS */ = {
			isa = PBXGroup;
			children = (
				E6077B7D25F175CD00F6F951 /* Info.plist */,
			);
			path = iOS;
			sourceTree = "<group>";
		};
		E6077B8325F175CD00F6F951 /* macOS */ = {
			isa = PBXGroup;
			children = (
				E6077B8425F175CD00F6F951 /* Info.plist */,
				E6077B8525F175CD00F6F951 /* macOS.entitlements */,
			);
			path = macOS;
			sourceTree = "<group>";
		};
		E607CE572651190D0084F2E7 /* GetCheapest */ = {
			isa = PBXGroup;
			children = (
				E6C6419D2674974400D6984D /* GetCheapest.entitlements */,
				E607CE582651190D0084F2E7 /* IntentHandler.swift */,
				E64E66042677AE5800B08C89 /* GetLngr.swift */,
				E6ED55FB26946F1C001F978F /* GetImage.swift */,
				E6B2894126739D3E00354743 /* model.swift */,
				E607CE612651193A0084F2E7 /* Intents.intentdefinition */,
				E607CE5A2651190D0084F2E7 /* Info.plist */,
			);
			path = GetCheapest;
			sourceTree = "<group>";
		};
		E68170D425F3D5D200C9DD32 /* Frameworks */ = {
			isa = PBXGroup;
			children = (
				E68170D525F3D5D200C9DD32 /* WidgetKit.framework */,
				E68170D725F3D5D200C9DD32 /* SwiftUI.framework */,
				E68B5E95260490F700385A7E /* Intents.framework */,
				E6DE7E52268C5581003B88B4 /* QuickLook.framework */,
				E6A65B9C286C870300EEA2C8 /* UserNotifications.framework */,
				E6A65B9E286C870300EEA2C8 /* UserNotificationsUI.framework */,
			);
			name = Frameworks;
			sourceTree = "<group>";
		};
		E6A65BA0286C870300EEA2C8 /* notificationui */ = {
			isa = PBXGroup;
			children = (
				E6A65BA1286C870300EEA2C8 /* NotificationViewController.swift */,
				E6A65BA3286C870300EEA2C8 /* MainInterface.storyboard */,
				E6A65BA6286C870300EEA2C8 /* Info.plist */,
			);
			path = notificationui;
			sourceTree = "<group>";
		};
		E6B52B83265061BD006DAB5C /* rivmWidget */ = {
			isa = PBXGroup;
			children = (
				E6B52B84265061BD006DAB5C /* rivmWidget.swift */,
				E621E1A327CD271300AE8297 /* stoicWidget.swift */,
				E621E1E027CD2B2500AE8297 /* qoutes.swift */,
				E6B52B86265061C7006DAB5C /* Assets.xcassets */,
				E6B52B88265061C7006DAB5C /* Info.plist */,
			);
			path = rivmWidget;
			sourceTree = "<group>";
		};
		E6C810B926ED0DAD00A9925B /* OpenLocker WatchKit App */ = {
			isa = PBXGroup;
			children = (
				E6C810BA26ED0DAE00A9925B /* Assets.xcassets */,
				E6C810BC26ED0DAE00A9925B /* Info.plist */,
			);
			path = "OpenLocker WatchKit App";
			sourceTree = "<group>";
		};
		E6C810C526ED0DAE00A9925B /* OpenLocker WatchKit Extension */ = {
			isa = PBXGroup;
			children = (
				E6C810C626ED0DAE00A9925B /* lngrApp.swift */,
				E6C810C826ED0DAE00A9925B /* ContentView.swift */,
				E6C810E426ED0E9E00A9925B /* LockerManager.swift */,
				E6D08C9827B4051400B133ED /* .env.txt */,
				E6C810CA26ED0DAE00A9925B /* NotificationController.swift */,
				E6C810CC26ED0DAE00A9925B /* NotificationView.swift */,
				E6C810CE26ED0DAE00A9925B /* ComplicationController.swift */,
				E6F003B2272D3CB1000C92A4 /* ComplicationView.swift */,
				E6C810D026ED0DAF00A9925B /* Assets.xcassets */,
				E6C810D526ED0DAF00A9925B /* Info.plist */,
				E6C810D626ED0DAF00A9925B /* PushNotificationPayload.apns */,
				E6C810D226ED0DAF00A9925B /* Preview Content */,
				E6C810E226ED0E9E00A9925B /* OpenLocker-Bridging-Header.h */,
				E6C810E326ED0E9E00A9925B /* OpenLocker WatchKit App-Bridging-Header.h */,
			);
			path = "OpenLocker WatchKit Extension";
			sourceTree = "<group>";
		};
		E6C810D226ED0DAF00A9925B /* Preview Content */ = {
			isa = PBXGroup;
			children = (
				E6C810D326ED0DAF00A9925B /* Preview Assets.xcassets */,
			);
			path = "Preview Content";
			sourceTree = "<group>";
		};
		E6DE7E54268C5581003B88B4 /* MarkDown */ = {
			isa = PBXGroup;
			children = (
				E6DE7E55268C5581003B88B4 /* PreviewViewController.swift */,
				E6DE7E57268C5581003B88B4 /* MainInterface.storyboard */,
				E6DE7E5A268C5581003B88B4 /* Info.plist */,
			);
			path = MarkDown;
			sourceTree = "<group>";
		};
		E6DE7E66268C9FB6003B88B4 /* lngrUITests */ = {
			isa = PBXGroup;
			children = (
				E6DE7E67268C9FB6003B88B4 /* lngrUITests.swift */,
				E6DE7E69268C9FB6003B88B4 /* Info.plist */,
			);
			path = lngrUITests;
			sourceTree = "<group>";
		};
/* End PBXGroup section */

/* Begin PBXNativeTarget section */
		E6077B7925F175CC00F6F951 /* lngr (iOS) */ = {
			isa = PBXNativeTarget;
			buildConfigurationList = E6077B8E25F175CD00F6F951 /* Build configuration list for PBXNativeTarget "lngr (iOS)" */;
			buildPhases = (
				E6077B7625F175CC00F6F951 /* Sources */,
				E6077B7725F175CC00F6F951 /* Frameworks */,
				E6077B7825F175CC00F6F951 /* Resources */,
				E68170E525F3D5E600C9DD32 /* Embed Foundation Extensions */,
				E6ED266E272844B0005FC554 /* Replace settings bundle */,
			);
			buildRules = (
			);
			dependencies = (
				E6B52B8A265061C7006DAB5C /* PBXTargetDependency */,
				E607CE5C2651190D0084F2E7 /* PBXTargetDependency */,
				E6DE7E5C268C5581003B88B4 /* PBXTargetDependency */,
				E6A65BA8286C870300EEA2C8 /* PBXTargetDependency */,
			);
			name = "lngr (iOS)";
			productName = "lngr (iOS)";
			productReference = E6077B7A25F175CD00F6F951 /* lngr.app */;
			productType = "com.apple.product-type.application";
		};
		E6077B8125F175CD00F6F951 /* lngr (macOS) */ = {
			isa = PBXNativeTarget;
			buildConfigurationList = E6077B9125F175CD00F6F951 /* Build configuration list for PBXNativeTarget "lngr (macOS)" */;
			buildPhases = (
				E6077B7E25F175CD00F6F951 /* Sources */,
				E6077B7F25F175CD00F6F951 /* Frameworks */,
				E6077B8025F175CD00F6F951 /* Resources */,
			);
			buildRules = (
			);
			dependencies = (
			);
			name = "lngr (macOS)";
			productName = "lngr (macOS)";
			productReference = E6077B8225F175CD00F6F951 /* lngr.app */;
			productType = "com.apple.product-type.application";
		};
		E607CE542651190D0084F2E7 /* GetCheapest */ = {
			isa = PBXNativeTarget;
			buildConfigurationList = E607CE602651190D0084F2E7 /* Build configuration list for PBXNativeTarget "GetCheapest" */;
			buildPhases = (
				E607CE512651190D0084F2E7 /* Sources */,
				E607CE522651190D0084F2E7 /* Frameworks */,
				E607CE532651190D0084F2E7 /* Resources */,
			);
			buildRules = (
			);
			dependencies = (
			);
			name = GetCheapest;
			productName = GetCheapest;
			productReference = E607CE552651190D0084F2E7 /* GetCheapest.appex */;
			productType = "com.apple.product-type.app-extension";
		};
		E6A65B9A286C870300EEA2C8 /* notificationui */ = {
			isa = PBXNativeTarget;
			buildConfigurationList = E6A65BAC286C870300EEA2C8 /* Build configuration list for PBXNativeTarget "notificationui" */;
			buildPhases = (
				E6A65B97286C870300EEA2C8 /* Sources */,
				E6A65B98286C870300EEA2C8 /* Frameworks */,
				E6A65B99286C870300EEA2C8 /* Resources */,
			);
			buildRules = (
			);
			dependencies = (
			);
			name = notificationui;
			productName = notificationui;
			productReference = E6A65B9B286C870300EEA2C8 /* notificationui.appex */;
			productType = "com.apple.product-type.app-extension";
		};
		E6B52B7F265061BC006DAB5C /* rivmWidgetExtension */ = {
			isa = PBXNativeTarget;
			buildConfigurationList = E6B52B8C265061C7006DAB5C /* Build configuration list for PBXNativeTarget "rivmWidgetExtension" */;
			buildPhases = (
				E6B52B7C265061BC006DAB5C /* Sources */,
				E6B52B7D265061BC006DAB5C /* Frameworks */,
				E6B52B7E265061BC006DAB5C /* Resources */,
			);
			buildRules = (
			);
			dependencies = (
			);
			name = rivmWidgetExtension;
			productName = rivmWidgetExtension;
			productReference = E6B52B80265061BC006DAB5C /* rivmWidgetExtension.appex */;
			productType = "com.apple.product-type.app-extension";
		};
		E6C810B126ED0DAD00A9925B /* OpenLocker */ = {
			isa = PBXNativeTarget;
			buildConfigurationList = E6C810E126ED0DAF00A9925B /* Build configuration list for PBXNativeTarget "OpenLocker" */;
			buildPhases = (
				E6C810B026ED0DAD00A9925B /* Resources */,
				E6C810D926ED0DAF00A9925B /* Embed Watch Content */,
			);
			buildRules = (
			);
			dependencies = (
				E6C810B826ED0DAD00A9925B /* PBXTargetDependency */,
			);
			name = OpenLocker;
			productName = OpenLocker;
			productReference = E6C810B226ED0DAD00A9925B /* OpenLocker.app */;
			productType = "com.apple.product-type.application.watchapp2-container";
		};
		E6C810B426ED0DAD00A9925B /* OpenLocker WatchKit App */ = {
			isa = PBXNativeTarget;
			buildConfigurationList = E6C810E026ED0DAF00A9925B /* Build configuration list for PBXNativeTarget "OpenLocker WatchKit App" */;
			buildPhases = (
				E6C810B326ED0DAD00A9925B /* Resources */,
				E6C810BD26ED0DAE00A9925B /* Sources */,
				E6C810BE26ED0DAE00A9925B /* Frameworks */,
			);
			buildRules = (
			);
			dependencies = (
			);
			name = "OpenLocker WatchKit App";
			productName = "OpenLocker WatchKit App";
			productReference = E6C810B526ED0DAD00A9925B /* OpenLocker WatchKit App.app */;
			productType = "com.apple.product-type.application";
		};
		E6DE7E50268C5581003B88B4 /* MarkDown */ = {
			isa = PBXNativeTarget;
			buildConfigurationList = E6DE7E60268C5581003B88B4 /* Build configuration list for PBXNativeTarget "MarkDown" */;
			buildPhases = (
				E6DE7E4D268C5581003B88B4 /* Sources */,
				E6DE7E4E268C5581003B88B4 /* Frameworks */,
				E6DE7E4F268C5581003B88B4 /* Resources */,
			);
			buildRules = (
			);
			dependencies = (
			);
			name = MarkDown;
			packageProductDependencies = (
			);
			productName = MarkDown;
			productReference = E6DE7E51268C5581003B88B4 /* MarkDown.appex */;
			productType = "com.apple.product-type.app-extension";
		};
		E6DE7E64268C9FB6003B88B4 /* lngrUITests */ = {
			isa = PBXNativeTarget;
			buildConfigurationList = E6DE7E6C268C9FB6003B88B4 /* Build configuration list for PBXNativeTarget "lngrUITests" */;
			buildPhases = (
				E6DE7E61268C9FB6003B88B4 /* Sources */,
				E6DE7E62268C9FB6003B88B4 /* Frameworks */,
				E6DE7E63268C9FB6003B88B4 /* Resources */,
			);
			buildRules = (
			);
			dependencies = (
				E6DE7E6B268C9FB6003B88B4 /* PBXTargetDependency */,
			);
			name = lngrUITests;
			productName = lngrUITests;
			productReference = E6DE7E65268C9FB6003B88B4 /* lngrUITests.xctest */;
			productType = "com.apple.product-type.bundle.ui-testing";
		};
/* End PBXNativeTarget section */

/* Begin PBXProject section */
		E6077B6E25F175B800F6F951 /* Project object */ = {
			isa = PBXProject;
			attributes = {
				BuildIndependentTargetsInParallel = YES;
				LastSwiftUpdateCheck = 1340;
				LastUpgradeCheck = 1540;
				TargetAttributes = {
					E6077B7925F175CC00F6F951 = {
						CreatedOnToolsVersion = 12.3;
					};
					E6077B8125F175CD00F6F951 = {
						CreatedOnToolsVersion = 12.3;
					};
					E607CE542651190D0084F2E7 = {
						CreatedOnToolsVersion = 12.5;
					};
					E6A65B9A286C870300EEA2C8 = {
						CreatedOnToolsVersion = 13.4.1;
					};
					E6B52B7F265061BC006DAB5C = {
						CreatedOnToolsVersion = 12.5;
					};
					E6C810B126ED0DAD00A9925B = {
						CreatedOnToolsVersion = 12.5.1;
						LastSwiftMigration = 1250;
					};
					E6C810B426ED0DAD00A9925B = {
						CreatedOnToolsVersion = 12.5.1;
						LastSwiftMigration = 1250;
					};
					E6DE7E50268C5581003B88B4 = {
						CreatedOnToolsVersion = 12.5.1;
					};
					E6DE7E64268C9FB6003B88B4 = {
						CreatedOnToolsVersion = 12.5.1;
						TestTargetID = E6077B7925F175CC00F6F951;
					};
				};
			};
			buildConfigurationList = E6077B7125F175B800F6F951 /* Build configuration list for PBXProject "lngr" */;
			compatibilityVersion = "Xcode 9.3";
			developmentRegion = en;
			hasScannedForEncodings = 0;
			knownRegions = (
				en,
				Base,
				nl,
			);
			mainGroup = E6077B6D25F175B800F6F951;
			packageReferences = (
			);
			productRefGroup = E6077B7B25F175CD00F6F951 /* Products */;
			projectDirPath = "";
			projectRoot = "";
			targets = (
				E6077B7925F175CC00F6F951 /* lngr (iOS) */,
				E6077B8125F175CD00F6F951 /* lngr (macOS) */,
				E6B52B7F265061BC006DAB5C /* rivmWidgetExtension */,
				E607CE542651190D0084F2E7 /* GetCheapest */,
				E6DE7E50268C5581003B88B4 /* MarkDown */,
				E6DE7E64268C9FB6003B88B4 /* lngrUITests */,
				E6C810B126ED0DAD00A9925B /* OpenLocker */,
				E6C810B426ED0DAD00A9925B /* OpenLocker WatchKit App */,
				E6A65B9A286C870300EEA2C8 /* notificationui */,
			);
		};
/* End PBXProject section */

/* Begin PBXResourcesBuildPhase section */
		E6077B7825F175CC00F6F951 /* Resources */ = {
			isa = PBXResourcesBuildPhase;
			buildActionMask = 2147483647;
			files = (
				E6C5DB1E26B7D7850002A7F1 /* Settings.bundle in Resources */,
				E6077B8A25F175CD00F6F951 /* Assets.xcassets in Resources */,
			);
			runOnlyForDeploymentPostprocessing = 0;
		};
		E6077B8025F175CD00F6F951 /* Resources */ = {
			isa = PBXResourcesBuildPhase;
			buildActionMask = 2147483647;
			files = (
				E6C5DB1F26B7D7850002A7F1 /* Settings.bundle in Resources */,
				E6077B8B25F175CD00F6F951 /* Assets.xcassets in Resources */,
			);
			runOnlyForDeploymentPostprocessing = 0;
		};
		E607CE532651190D0084F2E7 /* Resources */ = {
			isa = PBXResourcesBuildPhase;
			buildActionMask = 2147483647;
			files = (
			);
			runOnlyForDeploymentPostprocessing = 0;
		};
		E6A65B99286C870300EEA2C8 /* Resources */ = {
			isa = PBXResourcesBuildPhase;
			buildActionMask = 2147483647;
			files = (
				E6A65BA5286C870300EEA2C8 /* MainInterface.storyboard in Resources */,
			);
			runOnlyForDeploymentPostprocessing = 0;
		};
		E6B52B7E265061BC006DAB5C /* Resources */ = {
			isa = PBXResourcesBuildPhase;
			buildActionMask = 2147483647;
			files = (
				E6B52B87265061C7006DAB5C /* Assets.xcassets in Resources */,
			);
			runOnlyForDeploymentPostprocessing = 0;
		};
		E6C810B026ED0DAD00A9925B /* Resources */ = {
			isa = PBXResourcesBuildPhase;
			buildActionMask = 2147483647;
			files = (
				E6D08C9927B4051400B133ED /* .env.txt in Resources */,
			);
			runOnlyForDeploymentPostprocessing = 0;
		};
		E6C810B326ED0DAD00A9925B /* Resources */ = {
			isa = PBXResourcesBuildPhase;
			buildActionMask = 2147483647;
			files = (
				E6C810D426ED0DAF00A9925B /* Preview Assets.xcassets in Resources */,
				E6C810BB26ED0DAE00A9925B /* Assets.xcassets in Resources */,
				E6D08C9A27B4051400B133ED /* .env.txt in Resources */,
				E6C810D126ED0DAF00A9925B /* Assets.xcassets in Resources */,
			);
			runOnlyForDeploymentPostprocessing = 0;
		};
		E6DE7E4F268C5581003B88B4 /* Resources */ = {
			isa = PBXResourcesBuildPhase;
			buildActionMask = 2147483647;
			files = (
				E6DE7E59268C5581003B88B4 /* MainInterface.storyboard in Resources */,
			);
			runOnlyForDeploymentPostprocessing = 0;
		};
		E6DE7E63268C9FB6003B88B4 /* Resources */ = {
			isa = PBXResourcesBuildPhase;
			buildActionMask = 2147483647;
			files = (
			);
			runOnlyForDeploymentPostprocessing = 0;
		};
/* End PBXResourcesBuildPhase section */

/* Begin PBXShellScriptBuildPhase section */
		E6ED266E272844B0005FC554 /* Replace settings bundle */ = {
			isa = PBXShellScriptBuildPhase;
			buildActionMask = 8;
			files = (
			);
			inputFileListPaths = (
			);
			inputPaths = (
			);
			name = "Replace settings bundle";
			outputFileListPaths = (
			);
			outputPaths = (
			);
			runOnlyForDeploymentPostprocessing = 1;
			shellPath = /bin/sh;
			shellScript = "# Type a script or drag a script file from your workspace to insert its path.\nBUILD_APP_DIR=\"$BUILT_PRODUCTS_DIR/$PRODUCT_NAME.app\"\n\necho $BUILD_APP_DIR\n\nif [ $CONFIGURATION == \"Release\" ]; then\n    rm -rf \"$BUILD_APP_DIR/Settings.bundle\"\nfi\n";
		};
/* End PBXShellScriptBuildPhase section */

/* Begin PBXSourcesBuildPhase section */
		E6077B7625F175CC00F6F951 /* Sources */ = {
			isa = PBXSourcesBuildPhase;
			buildActionMask = 2147483647;
			files = (
				E65887D4266AB9B500816B41 /* Intents.intentdefinition in Sources */,
				E6077B8825F175CD00F6F951 /* ContentView.swift in Sources */,
				E6D2A15425F373100007EC2D /* LingeriesView.swift in Sources */,
				E64E66022677AD9F00B08C89 /* lngrRow.swift in Sources */,
				E6BEF8252A58318700A2CD6C /* ImageViewTest.swift in Sources */,
				E64DD17325F1843C00284803 /* LingerieImageView.swift in Sources */,
				E64DD18E25F22A1000284803 /* LingerieView.swift in Sources */,
				E62D0170286E14CC005DAE25 /* BackgroundSupport.swift in Sources */,
				E62C7AF72687183F00429C97 /* LingerieFetcherSpotlight.swift in Sources */,
				E6077B8625F175CD00F6F951 /* lngrApp.swift in Sources */,
				E6C6F47C2C0B150C0053D65B /* LingerieModels.swift in Sources */,
			);
			runOnlyForDeploymentPostprocessing = 0;
		};
		E6077B7E25F175CD00F6F951 /* Sources */ = {
			isa = PBXSourcesBuildPhase;
			buildActionMask = 2147483647;
			files = (
				E65887D5266AB9BD00816B41 /* Intents.intentdefinition in Sources */,
				E6077B8925F175CD00F6F951 /* ContentView.swift in Sources */,
				E6D2A15525F373100007EC2D /* LingeriesView.swift in Sources */,
				E64E66032677AD9F00B08C89 /* lngrRow.swift in Sources */,
				E6C6F47D2C0B150C0053D65B /* LingerieModels.swift in Sources */,
				E64DD17425F1843C00284803 /* LingerieImageView.swift in Sources */,
				E64DD18F25F22A1000284803 /* LingerieView.swift in Sources */,
				E62D0171286E14CC005DAE25 /* BackgroundSupport.swift in Sources */,
				E62C7AF82687183F00429C97 /* LingerieFetcherSpotlight.swift in Sources */,
				E6077B8725F175CD00F6F951 /* lngrApp.swift in Sources */,
			);
			runOnlyForDeploymentPostprocessing = 0;
		};
		E607CE512651190D0084F2E7 /* Sources */ = {
			isa = PBXSourcesBuildPhase;
			buildActionMask = 2147483647;
			files = (
				E607CE622651193A0084F2E7 /* Intents.intentdefinition in Sources */,
				E6ED55FC26946F1C001F978F /* GetImage.swift in Sources */,
				E6B2894226739D3E00354743 /* model.swift in Sources */,
				E607CE592651190D0084F2E7 /* IntentHandler.swift in Sources */,
				E64E66052677AE5800B08C89 /* GetLngr.swift in Sources */,
			);
			runOnlyForDeploymentPostprocessing = 0;
		};
		E6A65B97286C870300EEA2C8 /* Sources */ = {
			isa = PBXSourcesBuildPhase;
			buildActionMask = 2147483647;
			files = (
				E6A65BA2286C870300EEA2C8 /* NotificationViewController.swift in Sources */,
			);
			runOnlyForDeploymentPostprocessing = 0;
		};
		E6B52B7C265061BC006DAB5C /* Sources */ = {
			isa = PBXSourcesBuildPhase;
			buildActionMask = 2147483647;
			files = (
				E621E1E127CD2B2500AE8297 /* qoutes.swift in Sources */,
				E621E1A427CD271300AE8297 /* stoicWidget.swift in Sources */,
				E6B52B85265061BD006DAB5C /* rivmWidget.swift in Sources */,
			);
			runOnlyForDeploymentPostprocessing = 0;
		};
		E6C810BD26ED0DAE00A9925B /* Sources */ = {
			isa = PBXSourcesBuildPhase;
			buildActionMask = 2147483647;
			files = (
				E6C810CB26ED0DAE00A9925B /* NotificationController.swift in Sources */,
				E6C810E526ED0E9E00A9925B /* LockerManager.swift in Sources */,
				E6C810C926ED0DAE00A9925B /* ContentView.swift in Sources */,
				E6C810CF26ED0DAE00A9925B /* ComplicationController.swift in Sources */,
				E6C810C726ED0DAE00A9925B /* lngrApp.swift in Sources */,
				E6C810CD26ED0DAE00A9925B /* NotificationView.swift in Sources */,
				E6F003B3272D3CB1000C92A4 /* ComplicationView.swift in Sources */,
			);
			runOnlyForDeploymentPostprocessing = 0;
		};
		E6DE7E4D268C5581003B88B4 /* Sources */ = {
			isa = PBXSourcesBuildPhase;
			buildActionMask = 2147483647;
			files = (
				E6DE7E56268C5581003B88B4 /* PreviewViewController.swift in Sources */,
			);
			runOnlyForDeploymentPostprocessing = 0;
		};
		E6DE7E61268C9FB6003B88B4 /* Sources */ = {
			isa = PBXSourcesBuildPhase;
			buildActionMask = 2147483647;
			files = (
				E6DE7E68268C9FB6003B88B4 /* lngrUITests.swift in Sources */,
			);
			runOnlyForDeploymentPostprocessing = 0;
		};
/* End PBXSourcesBuildPhase section */

/* Begin PBXTargetDependency section */
		E607CE5C2651190D0084F2E7 /* PBXTargetDependency */ = {
			isa = PBXTargetDependency;
			target = E607CE542651190D0084F2E7 /* GetCheapest */;
			targetProxy = E607CE5B2651190D0084F2E7 /* PBXContainerItemProxy */;
		};
		E6A65BA8286C870300EEA2C8 /* PBXTargetDependency */ = {
			isa = PBXTargetDependency;
			target = E6A65B9A286C870300EEA2C8 /* notificationui */;
			targetProxy = E6A65BA7286C870300EEA2C8 /* PBXContainerItemProxy */;
		};
		E6B52B8A265061C7006DAB5C /* PBXTargetDependency */ = {
			isa = PBXTargetDependency;
			target = E6B52B7F265061BC006DAB5C /* rivmWidgetExtension */;
			targetProxy = E6B52B89265061C7006DAB5C /* PBXContainerItemProxy */;
		};
		E6C810B826ED0DAD00A9925B /* PBXTargetDependency */ = {
			isa = PBXTargetDependency;
			target = E6C810B426ED0DAD00A9925B /* OpenLocker WatchKit App */;
			targetProxy = E6C810B726ED0DAD00A9925B /* PBXContainerItemProxy */;
		};
		E6DE7E5C268C5581003B88B4 /* PBXTargetDependency */ = {
			isa = PBXTargetDependency;
			target = E6DE7E50268C5581003B88B4 /* MarkDown */;
			targetProxy = E6DE7E5B268C5581003B88B4 /* PBXContainerItemProxy */;
		};
		E6DE7E6B268C9FB6003B88B4 /* PBXTargetDependency */ = {
			isa = PBXTargetDependency;
			target = E6077B7925F175CC00F6F951 /* lngr (iOS) */;
			targetProxy = E6DE7E6A268C9FB6003B88B4 /* PBXContainerItemProxy */;
		};
/* End PBXTargetDependency section */

/* Begin PBXVariantGroup section */
		E6A65BA3286C870300EEA2C8 /* MainInterface.storyboard */ = {
			isa = PBXVariantGroup;
			children = (
				E6A65BA4286C870300EEA2C8 /* Base */,
			);
			name = MainInterface.storyboard;
			sourceTree = "<group>";
		};
		E6DE7E57268C5581003B88B4 /* MainInterface.storyboard */ = {
			isa = PBXVariantGroup;
			children = (
				E6DE7E58268C5581003B88B4 /* Base */,
			);
			name = MainInterface.storyboard;
			sourceTree = "<group>";
		};
/* End PBXVariantGroup section */

/* Begin XCBuildConfiguration section */
		E6077B8C25F175CD00F6F951 /* Debug */ = {
			isa = XCBuildConfiguration;
			buildSettings = {
				ALWAYS_SEARCH_USER_PATHS = NO;
				ASSETCATALOG_COMPILER_GENERATE_SWIFT_ASSET_SYMBOL_EXTENSIONS = YES;
				CLANG_ANALYZER_LOCALIZABILITY_NONLOCALIZED = YES;
				CLANG_ANALYZER_NONNULL = YES;
				CLANG_ANALYZER_NUMBER_OBJECT_CONVERSION = YES_AGGRESSIVE;
				CLANG_CXX_LANGUAGE_STANDARD = "gnu++14";
				CLANG_CXX_LIBRARY = "libc++";
				CLANG_ENABLE_MODULES = YES;
				CLANG_ENABLE_OBJC_ARC = YES;
				CLANG_ENABLE_OBJC_WEAK = YES;
				CLANG_WARN_BLOCK_CAPTURE_AUTORELEASING = YES;
				CLANG_WARN_BOOL_CONVERSION = YES;
				CLANG_WARN_COMMA = YES;
				CLANG_WARN_CONSTANT_CONVERSION = YES;
				CLANG_WARN_DEPRECATED_OBJC_IMPLEMENTATIONS = YES;
				CLANG_WARN_DIRECT_OBJC_ISA_USAGE = YES_ERROR;
				CLANG_WARN_DOCUMENTATION_COMMENTS = YES;
				CLANG_WARN_EMPTY_BODY = YES;
				CLANG_WARN_ENUM_CONVERSION = YES;
				CLANG_WARN_INFINITE_RECURSION = YES;
				CLANG_WARN_INT_CONVERSION = YES;
				CLANG_WARN_NON_LITERAL_NULL_CONVERSION = YES;
				CLANG_WARN_OBJC_IMPLICIT_RETAIN_SELF = YES;
				CLANG_WARN_OBJC_LITERAL_CONVERSION = YES;
				CLANG_WARN_OBJC_ROOT_CLASS = YES_ERROR;
				CLANG_WARN_QUOTED_INCLUDE_IN_FRAMEWORK_HEADER = YES;
				CLANG_WARN_RANGE_LOOP_ANALYSIS = YES;
				CLANG_WARN_STRICT_PROTOTYPES = YES;
				CLANG_WARN_SUSPICIOUS_MOVE = YES;
				CLANG_WARN_UNGUARDED_AVAILABILITY = YES_AGGRESSIVE;
				CLANG_WARN_UNREACHABLE_CODE = YES;
				CLANG_WARN__DUPLICATE_METHOD_MATCH = YES;
				COPY_PHASE_STRIP = NO;
				DEAD_CODE_STRIPPING = YES;
				DEBUG_INFORMATION_FORMAT = dwarf;
				ENABLE_STRICT_OBJC_MSGSEND = YES;
				ENABLE_TESTABILITY = YES;
				ENABLE_USER_SCRIPT_SANDBOXING = YES;
				GCC_C_LANGUAGE_STANDARD = gnu11;
				GCC_DYNAMIC_NO_PIC = NO;
				GCC_NO_COMMON_BLOCKS = YES;
				GCC_OPTIMIZATION_LEVEL = 0;
				GCC_PREPROCESSOR_DEFINITIONS = (
					"DEBUG=1",
					"$(inherited)",
				);
				GCC_WARN_64_TO_32_BIT_CONVERSION = YES;
				GCC_WARN_ABOUT_RETURN_TYPE = YES_ERROR;
				GCC_WARN_UNDECLARED_SELECTOR = YES;
				GCC_WARN_UNINITIALIZED_AUTOS = YES_AGGRESSIVE;
				GCC_WARN_UNUSED_FUNCTION = YES;
				GCC_WARN_UNUSED_VARIABLE = YES;
				IPHONEOS_DEPLOYMENT_TARGET = 14.5;
				MTL_ENABLE_DEBUG_INFO = INCLUDE_SOURCE;
				MTL_FAST_MATH = YES;
				ONLY_ACTIVE_ARCH = YES;
				SWIFT_ACTIVE_COMPILATION_CONDITIONS = DEBUG;
				SWIFT_OPTIMIZATION_LEVEL = "-Onone";
			};
			name = Debug;
		};
		E6077B8D25F175CD00F6F951 /* Release */ = {
			isa = XCBuildConfiguration;
			buildSettings = {
				ALWAYS_SEARCH_USER_PATHS = NO;
				ASSETCATALOG_COMPILER_GENERATE_SWIFT_ASSET_SYMBOL_EXTENSIONS = YES;
				CLANG_ANALYZER_LOCALIZABILITY_NONLOCALIZED = YES;
				CLANG_ANALYZER_NONNULL = YES;
				CLANG_ANALYZER_NUMBER_OBJECT_CONVERSION = YES_AGGRESSIVE;
				CLANG_CXX_LANGUAGE_STANDARD = "gnu++14";
				CLANG_CXX_LIBRARY = "libc++";
				CLANG_ENABLE_MODULES = YES;
				CLANG_ENABLE_OBJC_ARC = YES;
				CLANG_ENABLE_OBJC_WEAK = YES;
				CLANG_WARN_BLOCK_CAPTURE_AUTORELEASING = YES;
				CLANG_WARN_BOOL_CONVERSION = YES;
				CLANG_WARN_COMMA = YES;
				CLANG_WARN_CONSTANT_CONVERSION = YES;
				CLANG_WARN_DEPRECATED_OBJC_IMPLEMENTATIONS = YES;
				CLANG_WARN_DIRECT_OBJC_ISA_USAGE = YES_ERROR;
				CLANG_WARN_DOCUMENTATION_COMMENTS = YES;
				CLANG_WARN_EMPTY_BODY = YES;
				CLANG_WARN_ENUM_CONVERSION = YES;
				CLANG_WARN_INFINITE_RECURSION = YES;
				CLANG_WARN_INT_CONVERSION = YES;
				CLANG_WARN_NON_LITERAL_NULL_CONVERSION = YES;
				CLANG_WARN_OBJC_IMPLICIT_RETAIN_SELF = YES;
				CLANG_WARN_OBJC_LITERAL_CONVERSION = YES;
				CLANG_WARN_OBJC_ROOT_CLASS = YES_ERROR;
				CLANG_WARN_QUOTED_INCLUDE_IN_FRAMEWORK_HEADER = YES;
				CLANG_WARN_RANGE_LOOP_ANALYSIS = YES;
				CLANG_WARN_STRICT_PROTOTYPES = YES;
				CLANG_WARN_SUSPICIOUS_MOVE = YES;
				CLANG_WARN_UNGUARDED_AVAILABILITY = YES_AGGRESSIVE;
				CLANG_WARN_UNREACHABLE_CODE = YES;
				CLANG_WARN__DUPLICATE_METHOD_MATCH = YES;
				COPY_PHASE_STRIP = NO;
				DEAD_CODE_STRIPPING = YES;
				DEBUG_INFORMATION_FORMAT = "dwarf-with-dsym";
				ENABLE_NS_ASSERTIONS = NO;
				ENABLE_STRICT_OBJC_MSGSEND = YES;
				ENABLE_USER_SCRIPT_SANDBOXING = YES;
				GCC_C_LANGUAGE_STANDARD = gnu11;
				GCC_NO_COMMON_BLOCKS = YES;
				GCC_WARN_64_TO_32_BIT_CONVERSION = YES;
				GCC_WARN_ABOUT_RETURN_TYPE = YES_ERROR;
				GCC_WARN_UNDECLARED_SELECTOR = YES;
				GCC_WARN_UNINITIALIZED_AUTOS = YES_AGGRESSIVE;
				GCC_WARN_UNUSED_FUNCTION = YES;
				GCC_WARN_UNUSED_VARIABLE = YES;
				IPHONEOS_DEPLOYMENT_TARGET = 14.5;
				MTL_ENABLE_DEBUG_INFO = NO;
				MTL_FAST_MATH = YES;
				SWIFT_COMPILATION_MODE = wholemodule;
				SWIFT_OPTIMIZATION_LEVEL = "-O";
			};
			name = Release;
		};
		E6077B8F25F175CD00F6F951 /* Debug */ = {
			isa = XCBuildConfiguration;
			buildSettings = {
				ALWAYS_EMBED_SWIFT_STANDARD_LIBRARIES = YES;
				ASSETCATALOG_COMPILER_APPICON_NAME = AppIcon;
				ASSETCATALOG_COMPILER_GLOBAL_ACCENT_COLOR_NAME = AccentColor;
				CODE_SIGN_ENTITLEMENTS = lngr.entitlements;
				CODE_SIGN_STYLE = Automatic;
				DEVELOPMENT_TEAM = 6CDWQZK7UX;
				ENABLE_PREVIEWS = YES;
				INFOPLIST_FILE = iOS/Info.plist;
				IPHONEOS_DEPLOYMENT_TARGET = 16.0;
				LD_RUNPATH_SEARCH_PATHS = (
					"$(inherited)",
					"@executable_path/Frameworks",
				);
				PRODUCT_BUNDLE_IDENTIFIER = nl.wittopkoning.lngr;
				PRODUCT_NAME = lngr;
				RUN_DOCUMENTATION_COMPILER = YES;
				SDKROOT = iphoneos;
				SWIFT_VERSION = 5.0;
				TARGETED_DEVICE_FAMILY = "1,2";
			};
			name = Debug;
		};
		E6077B9025F175CD00F6F951 /* Release */ = {
			isa = XCBuildConfiguration;
			buildSettings = {
				ALWAYS_EMBED_SWIFT_STANDARD_LIBRARIES = YES;
				ASSETCATALOG_COMPILER_APPICON_NAME = AppIcon;
				ASSETCATALOG_COMPILER_GLOBAL_ACCENT_COLOR_NAME = AccentColor;
				CODE_SIGN_ENTITLEMENTS = lngr.entitlements;
				CODE_SIGN_STYLE = Automatic;
				DEVELOPMENT_TEAM = 6CDWQZK7UX;
				ENABLE_PREVIEWS = YES;
				INFOPLIST_FILE = iOS/Info.plist;
				IPHONEOS_DEPLOYMENT_TARGET = 16.0;
				LD_RUNPATH_SEARCH_PATHS = (
					"$(inherited)",
					"@executable_path/Frameworks",
				);
				PRODUCT_BUNDLE_IDENTIFIER = nl.wittopkoning.lngr;
				PRODUCT_NAME = lngr;
				RUN_DOCUMENTATION_COMPILER = YES;
				SDKROOT = iphoneos;
				SWIFT_VERSION = 5.0;
				TARGETED_DEVICE_FAMILY = "1,2";
				VALIDATE_PRODUCT = YES;
			};
			name = Release;
		};
		E6077B9225F175CD00F6F951 /* Debug */ = {
			isa = XCBuildConfiguration;
			buildSettings = {
				ASSETCATALOG_COMPILER_APPICON_NAME = AppIcon;
				ASSETCATALOG_COMPILER_GLOBAL_ACCENT_COLOR_NAME = AccentColor;
				CODE_SIGN_ENTITLEMENTS = macOS/macOS.entitlements;
				CODE_SIGN_IDENTITY = "-";
				CODE_SIGN_STYLE = Automatic;
				COMBINE_HIDPI_IMAGES = YES;
				DEAD_CODE_STRIPPING = YES;
				DEVELOPMENT_TEAM = 6CDWQZK7UX;
				ENABLE_HARDENED_RUNTIME = YES;
				ENABLE_PREVIEWS = YES;
				INFOPLIST_FILE = macOS/Info.plist;
				LD_RUNPATH_SEARCH_PATHS = (
					"$(inherited)",
					"@executable_path/../Frameworks",
				);
				MACOSX_DEPLOYMENT_TARGET = 11.0;
				PRODUCT_BUNDLE_IDENTIFIER = nl.wittopkoning.lngr;
				PRODUCT_NAME = lngr;
				SDKROOT = macosx;
				SWIFT_VERSION = 5.0;
			};
			name = Debug;
		};
		E6077B9325F175CD00F6F951 /* Release */ = {
			isa = XCBuildConfiguration;
			buildSettings = {
				ASSETCATALOG_COMPILER_APPICON_NAME = AppIcon;
				ASSETCATALOG_COMPILER_GLOBAL_ACCENT_COLOR_NAME = AccentColor;
				CODE_SIGN_ENTITLEMENTS = macOS/macOS.entitlements;
				CODE_SIGN_IDENTITY = "-";
				CODE_SIGN_STYLE = Automatic;
				COMBINE_HIDPI_IMAGES = YES;
				DEAD_CODE_STRIPPING = YES;
				DEVELOPMENT_TEAM = 6CDWQZK7UX;
				ENABLE_HARDENED_RUNTIME = YES;
				ENABLE_PREVIEWS = YES;
				INFOPLIST_FILE = macOS/Info.plist;
				LD_RUNPATH_SEARCH_PATHS = (
					"$(inherited)",
					"@executable_path/../Frameworks",
				);
				MACOSX_DEPLOYMENT_TARGET = 11.0;
				PRODUCT_BUNDLE_IDENTIFIER = nl.wittopkoning.lngr;
				PRODUCT_NAME = lngr;
				SDKROOT = macosx;
				SWIFT_VERSION = 5.0;
			};
			name = Release;
		};
		E607CE5E2651190D0084F2E7 /* Debug */ = {
			isa = XCBuildConfiguration;
			buildSettings = {
				CODE_SIGN_ENTITLEMENTS = GetCheapest/GetCheapest.entitlements;
				CODE_SIGN_STYLE = Automatic;
				DEVELOPMENT_TEAM = 6CDWQZK7UX;
				INFOPLIST_FILE = GetCheapest/Info.plist;
				IPHONEOS_DEPLOYMENT_TARGET = 14.5;
				LD_RUNPATH_SEARCH_PATHS = (
					"$(inherited)",
					"@executable_path/Frameworks",
					"@executable_path/../../Frameworks",
				);
				PRODUCT_BUNDLE_IDENTIFIER = nl.wittopkoning.lngr.GetCheapest;
				PRODUCT_NAME = "$(TARGET_NAME)";
				SDKROOT = iphoneos;
				SKIP_INSTALL = YES;
				SWIFT_VERSION = 5.0;
				TARGETED_DEVICE_FAMILY = "1,2";
			};
			name = Debug;
		};
		E607CE5F2651190D0084F2E7 /* Release */ = {
			isa = XCBuildConfiguration;
			buildSettings = {
				CODE_SIGN_ENTITLEMENTS = GetCheapest/GetCheapest.entitlements;
				CODE_SIGN_STYLE = Automatic;
				DEVELOPMENT_TEAM = 6CDWQZK7UX;
				INFOPLIST_FILE = GetCheapest/Info.plist;
				IPHONEOS_DEPLOYMENT_TARGET = 14.5;
				LD_RUNPATH_SEARCH_PATHS = (
					"$(inherited)",
					"@executable_path/Frameworks",
					"@executable_path/../../Frameworks",
				);
				PRODUCT_BUNDLE_IDENTIFIER = nl.wittopkoning.lngr.GetCheapest;
				PRODUCT_NAME = "$(TARGET_NAME)";
				SDKROOT = iphoneos;
				SKIP_INSTALL = YES;
				SWIFT_VERSION = 5.0;
				TARGETED_DEVICE_FAMILY = "1,2";
				VALIDATE_PRODUCT = YES;
			};
			name = Release;
		};
		E6A65BAA286C870300EEA2C8 /* Debug */ = {
			isa = XCBuildConfiguration;
			buildSettings = {
				CLANG_CXX_LANGUAGE_STANDARD = "gnu++17";
				CODE_SIGN_STYLE = Automatic;
				CURRENT_PROJECT_VERSION = 1;
				DEVELOPMENT_TEAM = 6CDWQZK7UX;
				GENERATE_INFOPLIST_FILE = YES;
				INFOPLIST_FILE = notificationui/Info.plist;
				INFOPLIST_KEY_CFBundleDisplayName = notificationui;
				INFOPLIST_KEY_NSHumanReadableCopyright = "";
				IPHONEOS_DEPLOYMENT_TARGET = 15.5;
				LD_RUNPATH_SEARCH_PATHS = (
					"$(inherited)",
					"@executable_path/Frameworks",
					"@executable_path/../../Frameworks",
				);
				MARKETING_VERSION = 1.0;
				PRODUCT_BUNDLE_IDENTIFIER = nl.wittopkoning.lngr.notificationui;
				PRODUCT_NAME = "$(TARGET_NAME)";
				SDKROOT = iphoneos;
				SKIP_INSTALL = YES;
				SWIFT_EMIT_LOC_STRINGS = YES;
				SWIFT_VERSION = 5.0;
				TARGETED_DEVICE_FAMILY = "1,2";
			};
			name = Debug;
		};
		E6A65BAB286C870300EEA2C8 /* Release */ = {
			isa = XCBuildConfiguration;
			buildSettings = {
				CLANG_CXX_LANGUAGE_STANDARD = "gnu++17";
				CODE_SIGN_STYLE = Automatic;
				CURRENT_PROJECT_VERSION = 1;
				DEVELOPMENT_TEAM = 6CDWQZK7UX;
				GENERATE_INFOPLIST_FILE = YES;
				INFOPLIST_FILE = notificationui/Info.plist;
				INFOPLIST_KEY_CFBundleDisplayName = notificationui;
				INFOPLIST_KEY_NSHumanReadableCopyright = "";
				IPHONEOS_DEPLOYMENT_TARGET = 15.5;
				LD_RUNPATH_SEARCH_PATHS = (
					"$(inherited)",
					"@executable_path/Frameworks",
					"@executable_path/../../Frameworks",
				);
				MARKETING_VERSION = 1.0;
				PRODUCT_BUNDLE_IDENTIFIER = nl.wittopkoning.lngr.notificationui;
				PRODUCT_NAME = "$(TARGET_NAME)";
				SDKROOT = iphoneos;
				SKIP_INSTALL = YES;
				SWIFT_EMIT_LOC_STRINGS = YES;
				SWIFT_VERSION = 5.0;
				TARGETED_DEVICE_FAMILY = "1,2";
				VALIDATE_PRODUCT = YES;
			};
			name = Release;
		};
		E6B52B8D265061C7006DAB5C /* Debug */ = {
			isa = XCBuildConfiguration;
			buildSettings = {
				ASSETCATALOG_COMPILER_GLOBAL_ACCENT_COLOR_NAME = AccentColor;
				ASSETCATALOG_COMPILER_WIDGET_BACKGROUND_COLOR_NAME = WidgetBackground;
				CODE_SIGN_IDENTITY = "Apple Development";
				CODE_SIGN_STYLE = Automatic;
				DEVELOPMENT_TEAM = 6CDWQZK7UX;
				INFOPLIST_FILE = rivmWidget/Info.plist;
				IPHONEOS_DEPLOYMENT_TARGET = 14.5;
				LD_RUNPATH_SEARCH_PATHS = (
					"$(inherited)",
					"@executable_path/Frameworks",
					"@executable_path/../../Frameworks",
				);
				PRODUCT_BUNDLE_IDENTIFIER = nl.wittopkoning.lngr.rivmWidget;
				PRODUCT_NAME = "$(TARGET_NAME)";
				PROVISIONING_PROFILE_SPECIFIER = "";
				SDKROOT = iphoneos;
				SKIP_INSTALL = YES;
				SWIFT_VERSION = 5.0;
				TARGETED_DEVICE_FAMILY = "1,2";
			};
			name = Debug;
		};
		E6B52B8E265061C7006DAB5C /* Release */ = {
			isa = XCBuildConfiguration;
			buildSettings = {
				ASSETCATALOG_COMPILER_GLOBAL_ACCENT_COLOR_NAME = AccentColor;
				ASSETCATALOG_COMPILER_WIDGET_BACKGROUND_COLOR_NAME = WidgetBackground;
				CODE_SIGN_IDENTITY = "Apple Development";
				CODE_SIGN_STYLE = Automatic;
				DEVELOPMENT_TEAM = 6CDWQZK7UX;
				INFOPLIST_FILE = rivmWidget/Info.plist;
				IPHONEOS_DEPLOYMENT_TARGET = 14.5;
				LD_RUNPATH_SEARCH_PATHS = (
					"$(inherited)",
					"@executable_path/Frameworks",
					"@executable_path/../../Frameworks",
				);
				PRODUCT_BUNDLE_IDENTIFIER = nl.wittopkoning.lngr.rivmWidget;
				PRODUCT_NAME = "$(TARGET_NAME)";
				PROVISIONING_PROFILE_SPECIFIER = "";
				SDKROOT = iphoneos;
				SKIP_INSTALL = YES;
				SWIFT_VERSION = 5.0;
				TARGETED_DEVICE_FAMILY = "1,2";
				VALIDATE_PRODUCT = YES;
			};
			name = Release;
		};
		E6C810D726ED0DAF00A9925B /* Debug */ = {
			isa = XCBuildConfiguration;
			buildSettings = {
				CLANG_ENABLE_MODULES = YES;
				CODE_SIGN_STYLE = Automatic;
				CURRENT_PROJECT_VERSION = 1;
				DEVELOPMENT_TEAM = 6CDWQZK7UX;
				LD_RUNPATH_SEARCH_PATHS = (
					"$(inherited)",
					"@executable_path/Frameworks",
					"@loader_path/Frameworks",
				);
				MARKETING_VERSION = 1.0;
				PRODUCT_BUNDLE_IDENTIFIER = nl.wittopkoning.OpenLocker;
				PRODUCT_NAME = "$(TARGET_NAME)";
				SDKROOT = iphoneos;
				SWIFT_OBJC_BRIDGING_HEADER = "OpenLocker WatchKit Extension/OpenLocker-Bridging-Header.h";
				SWIFT_OPTIMIZATION_LEVEL = "-Onone";
				SWIFT_VERSION = 5.0;
			};
			name = Debug;
		};
		E6C810D826ED0DAF00A9925B /* Release */ = {
			isa = XCBuildConfiguration;
			buildSettings = {
				CLANG_ENABLE_MODULES = YES;
				CODE_SIGN_STYLE = Automatic;
				CURRENT_PROJECT_VERSION = 1;
				DEVELOPMENT_TEAM = 6CDWQZK7UX;
				LD_RUNPATH_SEARCH_PATHS = (
					"$(inherited)",
					"@executable_path/Frameworks",
					"@loader_path/Frameworks",
				);
				MARKETING_VERSION = 1.0;
				PRODUCT_BUNDLE_IDENTIFIER = nl.wittopkoning.OpenLocker;
				PRODUCT_NAME = "$(TARGET_NAME)";
				SDKROOT = iphoneos;
				SWIFT_OBJC_BRIDGING_HEADER = "OpenLocker WatchKit Extension/OpenLocker-Bridging-Header.h";
				SWIFT_VERSION = 5.0;
				VALIDATE_PRODUCT = YES;
			};
			name = Release;
		};
		E6C810DA26ED0DAF00A9925B /* Debug */ = {
			isa = XCBuildConfiguration;
			buildSettings = {
				ALWAYS_EMBED_SWIFT_STANDARD_LIBRARIES = YES;
				ASSETCATALOG_COMPILER_APPICON_NAME = AppIcon;
				ASSETCATALOG_COMPILER_COMPLICATION_NAME = Complication;
				ASSETCATALOG_COMPILER_GLOBAL_ACCENT_COLOR_NAME = AccentColor;
				CLANG_ENABLE_MODULES = YES;
				CODE_SIGN_STYLE = Automatic;
				DEVELOPMENT_TEAM = 6CDWQZK7UX;
				INFOPLIST_FILE = "OpenLocker WatchKit App/Info.plist";
				LD_RUNPATH_SEARCH_PATHS = (
					"@executable_path/Frameworks",
					"@executable_path/../../Frameworks",
				);
				PRODUCT_BUNDLE_IDENTIFIER = nl.wittopkoning.OpenLocker.watchkitapp;
				PRODUCT_NAME = "$(TARGET_NAME)";
				SDKROOT = watchos;
				SKIP_INSTALL = NO;
				SWIFT_OBJC_BRIDGING_HEADER = "OpenLocker WatchKit Extension/OpenLocker WatchKit App-Bridging-Header.h";
				SWIFT_OPTIMIZATION_LEVEL = "-Onone";
				SWIFT_VERSION = 5.0;
				TARGETED_DEVICE_FAMILY = 4;
				WATCHOS_DEPLOYMENT_TARGET = 8.0;
			};
			name = Debug;
		};
		E6C810DB26ED0DAF00A9925B /* Release */ = {
			isa = XCBuildConfiguration;
			buildSettings = {
				ALWAYS_EMBED_SWIFT_STANDARD_LIBRARIES = YES;
				ASSETCATALOG_COMPILER_APPICON_NAME = AppIcon;
				ASSETCATALOG_COMPILER_COMPLICATION_NAME = Complication;
				ASSETCATALOG_COMPILER_GLOBAL_ACCENT_COLOR_NAME = AccentColor;
				CLANG_ENABLE_MODULES = YES;
				CODE_SIGN_STYLE = Automatic;
				DEVELOPMENT_TEAM = 6CDWQZK7UX;
				INFOPLIST_FILE = "OpenLocker WatchKit App/Info.plist";
				LD_RUNPATH_SEARCH_PATHS = (
					"@executable_path/Frameworks",
					"@executable_path/../../Frameworks",
				);
				PRODUCT_BUNDLE_IDENTIFIER = nl.wittopkoning.OpenLocker.watchkitapp;
				PRODUCT_NAME = "$(TARGET_NAME)";
				SDKROOT = watchos;
				SKIP_INSTALL = NO;
				SWIFT_OBJC_BRIDGING_HEADER = "OpenLocker WatchKit Extension/OpenLocker WatchKit App-Bridging-Header.h";
				SWIFT_VERSION = 5.0;
				TARGETED_DEVICE_FAMILY = 4;
				VALIDATE_PRODUCT = YES;
				WATCHOS_DEPLOYMENT_TARGET = 8.0;
			};
			name = Release;
		};
		E6DE7E5E268C5581003B88B4 /* Debug */ = {
			isa = XCBuildConfiguration;
			buildSettings = {
				CODE_SIGN_STYLE = Automatic;
				DEVELOPMENT_TEAM = 6CDWQZK7UX;
				INFOPLIST_FILE = MarkDown/Info.plist;
				LD_RUNPATH_SEARCH_PATHS = (
					"$(inherited)",
					"@executable_path/Frameworks",
					"@executable_path/../../Frameworks",
				);
				PRODUCT_BUNDLE_IDENTIFIER = nl.wittopkoning.lngr.MarkDown;
				PRODUCT_NAME = "$(TARGET_NAME)";
				SDKROOT = iphoneos;
				SKIP_INSTALL = YES;
				SWIFT_VERSION = 5.0;
				TARGETED_DEVICE_FAMILY = "1,2";
			};
			name = Debug;
		};
		E6DE7E5F268C5581003B88B4 /* Release */ = {
			isa = XCBuildConfiguration;
			buildSettings = {
				CODE_SIGN_STYLE = Automatic;
				DEVELOPMENT_TEAM = 6CDWQZK7UX;
				INFOPLIST_FILE = MarkDown/Info.plist;
				LD_RUNPATH_SEARCH_PATHS = (
					"$(inherited)",
					"@executable_path/Frameworks",
					"@executable_path/../../Frameworks",
				);
				PRODUCT_BUNDLE_IDENTIFIER = nl.wittopkoning.lngr.MarkDown;
				PRODUCT_NAME = "$(TARGET_NAME)";
				SDKROOT = iphoneos;
				SKIP_INSTALL = YES;
				SWIFT_VERSION = 5.0;
				TARGETED_DEVICE_FAMILY = "1,2";
				VALIDATE_PRODUCT = YES;
			};
			name = Release;
		};
		E6DE7E6D268C9FB6003B88B4 /* Debug */ = {
			isa = XCBuildConfiguration;
			buildSettings = {
				CODE_SIGN_STYLE = Manual;
				DEVELOPMENT_TEAM = "";
				INFOPLIST_FILE = lngrUITests/Info.plist;
				LD_RUNPATH_SEARCH_PATHS = (
					"$(inherited)",
					"@executable_path/Frameworks",
					"@loader_path/Frameworks",
				);
				PRODUCT_BUNDLE_IDENTIFIER = nl.wittopkoning.lngrUITests;
				PRODUCT_NAME = "$(TARGET_NAME)";
				PROVISIONING_PROFILE_SPECIFIER = "";
				SDKROOT = iphoneos;
				SWIFT_VERSION = 5.0;
				TARGETED_DEVICE_FAMILY = "1,2";
				TEST_TARGET_NAME = "lngr (iOS)";
			};
			name = Debug;
		};
		E6DE7E6E268C9FB6003B88B4 /* Release */ = {
			isa = XCBuildConfiguration;
			buildSettings = {
				CODE_SIGN_STYLE = Manual;
				DEVELOPMENT_TEAM = "";
				INFOPLIST_FILE = lngrUITests/Info.plist;
				LD_RUNPATH_SEARCH_PATHS = (
					"$(inherited)",
					"@executable_path/Frameworks",
					"@loader_path/Frameworks",
				);
				PRODUCT_BUNDLE_IDENTIFIER = nl.wittopkoning.lngrUITests;
				PRODUCT_NAME = "$(TARGET_NAME)";
				PROVISIONING_PROFILE_SPECIFIER = "";
				SDKROOT = iphoneos;
				SWIFT_VERSION = 5.0;
				TARGETED_DEVICE_FAMILY = "1,2";
				TEST_TARGET_NAME = "lngr (iOS)";
				VALIDATE_PRODUCT = YES;
			};
			name = Release;
		};
/* End XCBuildConfiguration section */

/* Begin XCConfigurationList section */
		E6077B7125F175B800F6F951 /* Build configuration list for PBXProject "lngr" */ = {
			isa = XCConfigurationList;
			buildConfigurations = (
				E6077B8C25F175CD00F6F951 /* Debug */,
				E6077B8D25F175CD00F6F951 /* Release */,
			);
			defaultConfigurationIsVisible = 0;
			defaultConfigurationName = Release;
		};
		E6077B8E25F175CD00F6F951 /* Build configuration list for PBXNativeTarget "lngr (iOS)" */ = {
			isa = XCConfigurationList;
			buildConfigurations = (
				E6077B8F25F175CD00F6F951 /* Debug */,
				E6077B9025F175CD00F6F951 /* Release */,
			);
			defaultConfigurationIsVisible = 0;
			defaultConfigurationName = Release;
		};
		E6077B9125F175CD00F6F951 /* Build configuration list for PBXNativeTarget "lngr (macOS)" */ = {
			isa = XCConfigurationList;
			buildConfigurations = (
				E6077B9225F175CD00F6F951 /* Debug */,
				E6077B9325F175CD00F6F951 /* Release */,
			);
			defaultConfigurationIsVisible = 0;
			defaultConfigurationName = Release;
		};
		E607CE602651190D0084F2E7 /* Build configuration list for PBXNativeTarget "GetCheapest" */ = {
			isa = XCConfigurationList;
			buildConfigurations = (
				E607CE5E2651190D0084F2E7 /* Debug */,
				E607CE5F2651190D0084F2E7 /* Release */,
			);
			defaultConfigurationIsVisible = 0;
			defaultConfigurationName = Release;
		};
		E6A65BAC286C870300EEA2C8 /* Build configuration list for PBXNativeTarget "notificationui" */ = {
			isa = XCConfigurationList;
			buildConfigurations = (
				E6A65BAA286C870300EEA2C8 /* Debug */,
				E6A65BAB286C870300EEA2C8 /* Release */,
			);
			defaultConfigurationIsVisible = 0;
			defaultConfigurationName = Release;
		};
		E6B52B8C265061C7006DAB5C /* Build configuration list for PBXNativeTarget "rivmWidgetExtension" */ = {
			isa = XCConfigurationList;
			buildConfigurations = (
				E6B52B8D265061C7006DAB5C /* Debug */,
				E6B52B8E265061C7006DAB5C /* Release */,
			);
			defaultConfigurationIsVisible = 0;
			defaultConfigurationName = Release;
		};
		E6C810E026ED0DAF00A9925B /* Build configuration list for PBXNativeTarget "OpenLocker WatchKit App" */ = {
			isa = XCConfigurationList;
			buildConfigurations = (
				E6C810DA26ED0DAF00A9925B /* Debug */,
				E6C810DB26ED0DAF00A9925B /* Release */,
			);
			defaultConfigurationIsVisible = 0;
			defaultConfigurationName = Release;
		};
		E6C810E126ED0DAF00A9925B /* Build configuration list for PBXNativeTarget "OpenLocker" */ = {
			isa = XCConfigurationList;
			buildConfigurations = (
				E6C810D726ED0DAF00A9925B /* Debug */,
				E6C810D826ED0DAF00A9925B /* Release */,
			);
			defaultConfigurationIsVisible = 0;
			defaultConfigurationName = Release;
		};
		E6DE7E60268C5581003B88B4 /* Build configuration list for PBXNativeTarget "MarkDown" */ = {
			isa = XCConfigurationList;
			buildConfigurations = (
				E6DE7E5E268C5581003B88B4 /* Debug */,
				E6DE7E5F268C5581003B88B4 /* Release */,
			);
			defaultConfigurationIsVisible = 0;
			defaultConfigurationName = Release;
		};
		E6DE7E6C268C9FB6003B88B4 /* Build configuration list for PBXNativeTarget "lngrUITests" */ = {
			isa = XCConfigurationList;
			buildConfigurations = (
				E6DE7E6D268C9FB6003B88B4 /* Debug */,
				E6DE7E6E268C9FB6003B88B4 /* Release */,
			);
			defaultConfigurationIsVisible = 0;
			defaultConfigurationName = Release;
		};
/* End XCConfigurationList section */
	};
	rootObject = E6077B6E25F175B800F6F951 /* Project object */;
}
